{
  "lockfile_version": "1",
  "packages": {
    "bash@latest": {
      "last_modified": "2026-07-13T16:51:43Z",
      "resolved": "github:NixOS/nixpkgs/8431ff8a526bba781b711db7ae58ad0e49c38e35#bash",
      "source": "devbox-search",
      "version": "5.3p9",
      "systems": {
        "aarch64-darwin": {
          "outputs": [
            {
              "name": "out",
              "path": "/nix/store/s4kx452x9dms6qz41fd9yf8q53k7bkv9-bash-interactive-5.3p9",
              "default": true
            },
            {
              "name": "man",
              "path": "/nix/store/iixbrgzrnngrq4m55vgw4vzg0amxyngp-bash-interactive-5.3p9-man",
              "default": true
            },
            {
              "name": "dev",
              "path": "/nix/store/kr4yx0hy720ai12p131pf3sz4mf7q2dd-bash-interactive-5.3p9-dev"
            },
            {
              "name": "doc",
              "path": "/nix/store/pj82x6hs9hqrnsz7dfj8mpl8rp0fxa2c-bash-interactive-5.3p9-doc"
            },
            {
              "name": "info",
              "path": "/nix/store/nl9j78vlrmrkhrs9d25m02ys6zsqzd5r-bash-interactive-5.3p9-info"
            }
          ],
          "store_path": "/nix/store/s4kx452x9dms6qz41fd9yf8q53k7bkv9-bash-interactive-5.3p9"
        },
        "aarch64-linux": {
          "outputs": [
            {
              "name": "out",
              "path": "/nix/store/s6hkkyiyyxm12kjv79w92jrb5jkwm8h5-bash-interactive-5.3p9",
              "default": true
            },
            {
              "name": "man",
              "path": "/nix/store/yyjlc7zffnzahwvipgp064hgg3zbnwv5-bash-interactive-5.3p9-man",
              "default": true
            },
            {
              "name": "dev",
              "path": "/nix/store/q3kr0vsnbwqdl10mlc9sq7m8d7m4w3xx-bash-interactive-5.3p9-dev"
            },
            {
              "name": "doc",
              "path": "/nix/store/y22kfflgwa4wwk8i73bz2infjngdngqf-bash-interactive-5.3p9-doc"
            },
            {
              "name": "info",
              "path": "/nix/store/h0jfa3xvf8dga0d1izx6kam1fzr01rwr-bash-interactive-5.3p9-info"
            },
            {
              "name": "debug",
              "path": "/nix/store/h5jdjac5zvaid3l7myrfsmr0w7bwjv8q-bash-interactive-5.3p9-debug"
            }
          ],
          "store_path": "/nix/store/s6hkkyiyyxm12kjv79w92jrb5jkwm8h5-bash-interactive-5.3p9"
        },
        "x86_64-darwin": {
          "outputs": [
            {
              "name": "out",
              "path": "/nix/store/9a17cl5bfjsv3k8nk5flvw3cpb0wj475-bash-interactive-5.3p9",
              "default": true
            },
            {
              "name": "man",
              "path": "/nix/store/iaczqmz4gcbbrfkis26vccki5ikfmq5f-bash-interactive-5.3p9-man",
              "default": true
            },
            {
              "name": "dev",
              "path": "/nix/store/wgr49gwvsndc3sxixqx2l6zzs4vsy491-bash-interactive-5.3p9-dev"
            },
            {
              "name": "doc",
              "path": "/nix/store/g0sfzlvvzcc0zggisi0cyrl85ss73rsi-bash-interactive-5.3p9-doc"
            },
            {
              "name": "info",
              "path": "/nix/store/2rz7yhyblhd493hyav8awfr4rjgrf2sq-bash-interactive-5.3p9-info"
            }
          ],
          "store_path": "/nix/store/9a17cl5bfjsv3k8nk5flvw3cpb0wj475-bash-interactive-5.3p9"
        },
        "x86_64-linux": {
          "outputs": [
            {
              "name": "out",
              "path": "/nix/store/bbzjxfam8vv1nyikn5dsrazsw4ya5vzx-bash-interactive-5.3p9",
              "default": true
            },
            {
              "name": "man",
              "path": "/nix/store/gl5s34czgaqxb7y57apybw7l8pns3w2m-bash-interactive-5.3p9-man",
              "default": true
            },
            {
              "name": "debug",
              "path": "/nix/store/d3lkknd9f0r5nx5nlszb6vbzklyj7zx7-bash-interactive-5.3p9-debug"
            },
            {
              "name": "dev",
              "path": "/nix/store/8mp5f2yh8p5xicpiv9s449zl94yhqw7v-bash-interactive-5.3p9-dev"
            },
            {
              "name": "doc",
              "path": "/nix/store/rxm500ja8awzzlqjwlqfvjdn6wyrsk46-bash-interactive-5.3p9-doc"
            },
            {
              "name": "info",
              "path": "/nix/store/iswmfij6iwiz5kixszvmajdhqgrbi3xc-bash-interactive-5.3p9-info"
            }
          ],
          "store_path": "/nix/store/bbzjxfam8vv1nyikn5dsrazsw4ya5vzx-bash-interactive-5.3p9"
        }
      }
    },
    "chromedriver@latest": {
      "last_modified": "2026-07-17T09:58:13Z",
      "resolved": "github:NixOS/nixpkgs/a47c123a609287a012dfc44d281de2dd4ed13394#chromedriver",
      "source": "devbox-search",
      "version": "150.0.7871.129",
      "systems": {
        "aarch64-darwin": {
          "outputs": [
            {
              "name": "out",
              "path": "/nix/store/sbjdlap227g9hi7m4ngfcnkdlaq67kwr-chromedriver-150.0.7871.129",
              "default": true
            }
          ],
          "store_path": "/nix/store/sbjdlap227g9hi7m4ngfcnkdlaq67kwr-chromedriver-150.0.7871.129"
        }
      }
    },
    "gcc@15.2.0": {
      "last_modified": "2026-07-08T21:13:06Z",
      "resolved": "github:NixOS/nixpkgs/389ed85304b281ca7f306cf8a1eb4378651ca44e#gcc",
      "source": "devbox-search",
      "version": "15.2.0",
      "systems": {
        "aarch64-darwin": {
          "outputs": [
            {
              "name": "out",
              "path": "/nix/store/rd7b05akhyscn3g6wpvsb9dkkach23l9-gcc-wrapper-15.2.0",
              "default": true
            },
            {
              "name": "man",
              "path": "/nix/store/3n21z69f4gyjlxzckp7ahwh5xm7ja2iq-gcc-wrapper-15.2.0-man",
              "default": true
            },
            {
              "name": "info",
              "path": "/nix/store/r9v30l61j6ysi014s5l2i9p8k0gmhym8-gcc-wrapper-15.2.0-info"
            }
          ],
          "store_path": "/nix/store/rd7b05akhyscn3g6wpvsb9dkkach23l9-gcc-wrapper-15.2.0"
        },
        "aarch64-linux": {
          "outputs": [
            {
              "name": "out",
              "path": "/nix/store/d6gsw7k6sba2m5zjd3xm79kaah97x62w-gcc-wrapper-15.2.0",
              "default": true
            },
            {
              "name": "man",
              "path": "/nix/store/j3b3p3l6p756kkgd4kaxzhrs50yplf2z-gcc-wrapper-15.2.0-man",
              "default": true
            },
            {
              "name": "info",
              "path": "/nix/store/b22nq0v9l958nhkf91292nq1dmh4irzr-gcc-wrapper-15.2.0-info"
            }
          ],
          "store_path": "/nix/store/d6gsw7k6sba2m5zjd3xm79kaah97x62w-gcc-wrapper-15.2.0"
        },
        "x86_64-darwin": {
          "outputs": [
            {
              "name": "out",
              "path": "/nix/store/a9dhskc2ladjh7aph2z1b7x0lsdl506l-gcc-wrapper-15.2.0",
              "default": true
            },
            {
              "name": "man",
              "path": "/nix/store/zhrv9vafnz3agiwznkij8p36fpa17py7-gcc-wrapper-15.2.0-man",
              "default": true
            },
            {
              "name": "info",
              "path": "/nix/store/y0vblnaz09f5hws1pnx59fzvlpcrd1zn-gcc-wrapper-15.2.0-info"
            }
          ],
          "store_path": "/nix/store/a9dhskc2ladjh7aph2z1b7x0lsdl506l-gcc-wrapper-15.2.0"
        },
        "x86_64-linux": {
          "outputs": [
            {
              "name": "out",
              "path": "/nix/store/vdaz6sk455r8sbpi7wzaf9vlz5i9yyvx-gcc-wrapper-15.2.0",
              "default": true
            },
            {
              "name": "man",
              "path": "/nix/store/l4ybxax0plgjmcmna8lzyv2gal11k7m3-gcc-wrapper-15.2.0-man",
              "default": true
            },
            {
              "name": "info",
              "path": "/nix/store/9x640dyjh4kxiw70ifpp5s2bcnk7l2ai-gcc-wrapper-15.2.0-info"
            }
          ],
          "store_path": "/nix/store/vdaz6sk455r8sbpi7wzaf9vlz5i9yyvx-gcc-wrapper-15.2.0"
        }
      }
    },
    "git@2.54.0": {
      "last_modified": "2026-07-08T21:13:06Z",
      "resolved": "github:NixOS/nixpkgs/389ed85304b281ca7f306cf8a1eb4378651ca44e#git",
      "source": "devbox-search",
      "version": "2.54.0",
      "systems": {
        "aarch64-darwin": {
          "outputs": [
            {
              "name": "out",
              "path": "/nix/store/01258rj9fvamcl4bf7yjffysmwyvd72i-git-2.54.0",
              "default": true
            },
            {
              "name": "doc",
              "path": "/nix/store/fa8bp120sy3kiyrsy6l47lfan0zjl589-git-2.54.0-doc"
            }
          ],
          "store_path": "/nix/store/01258rj9fvamcl4bf7yjffysmwyvd72i-git-2.54.0"
        },
        "aarch64-linux": {
          "outputs": [
            {
              "name": "out",
              "path": "/nix/store/r0581vs09k8g2pkd41w4g7m8y14rnpbc-git-2.54.0",
              "default": true
            },
            {
              "name": "debug",
              "path": "/nix/store/pf9h57hj6j7s6p16y9j3xlhqgzn60nin-git-2.54.0-debug"
            },
            {
              "name": "doc",
              "path": "/nix/store/hypxgl3rcxiyj56dq1ixwihqg23asklm-git-2.54.0-doc"
            }
          ],
          "store_path": "/nix/store/r0581vs09k8g2pkd41w4g7m8y14rnpbc-git-2.54.0"
        },
        "x86_64-darwin": {
          "outputs": [
            {
              "name": "out",
              "path": "/nix/store/x671lak90qvcxgc5irp4xv5zdbaym2yr-git-2.54.0",
              "default": true
            },
            {
              "name": "doc",
              "path": "/nix/store/zakmjh312hmg2yslsyqmnw8lb8dgmyyk-git-2.54.0-doc"
            }
          ],
          "store_path": "/nix/store/x671lak90qvcxgc5irp4xv5zdbaym2yr-git-2.54.0"
        },
        "x86_64-linux": {
          "outputs": [
            {
              "name": "out",
              "path": "/nix/store/1k2lblqlj39azh6wn1sffa2869vrg3mr-git-2.54.0",
              "default": true
            },
            {
              "name": "debug",
              "path": "/nix/store/6mj7lgxzx4zzdinr3xvxwa8gd0jrp4jq-git-2.54.0-debug"
            },
            {
              "name": "doc",
              "path": "/nix/store/6k14cjwl7a5q78w3dddbm4x49k9g4ywp-git-2.54.0-doc"
            }
          ],
          "store_path": "/nix/store/1k2lblqlj39azh6wn1sffa2869vrg3mr-git-2.54.0"
        }
      }
    },
    "github:NixOS/nixpkgs/nixpkgs-unstable": {
      "last_modified": "2026-07-20T13:48:30Z",
      "resolved": "github:NixOS/nixpkgs/421eebfd0ec7bccd4abe826ce62d7e6e83129493?lastModified=1784555310"
    },
    "glibcLocales@latest": {
      "last_modified": "2026-07-08T21:13:06Z",
      "resolved": "github:NixOS/nixpkgs/389ed85304b281ca7f306cf8a1eb4378651ca44e#glibcLocales",
      "source": "devbox-search",
      "version": "2.42-67",
      "systems": {
        "aarch64-linux": {
          "outputs": [
            {
              "name": "out",
              "path": "/nix/store/qhyhp354nk7r5lvz4qdm0lv5z85lsxl5-glibc-locales-2.42-67",
              "default": true
            }
          ],
          "store_path": "/nix/store/qhyhp354nk7r5lvz4qdm0lv5z85lsxl5-glibc-locales-2.42-67"
        },
        "x86_64-linux": {
          "outputs": [
            {
              "name": "out",
              "path": "/nix/store/hng3v93s41pmlcvk5r0hapgs0xwyqx5n-glibc-locales-2.42-67",
              "default": true
            }
          ],
          "store_path": "/nix/store/hng3v93s41pmlcvk5r0hapgs0xwyqx5n-glibc-locales-2.42-67"
        }
      }
    },
    "gnumake@4.4.1": {
      "last_modified": "2026-07-13T16:51:43Z",
      "resolved": "github:NixOS/nixpkgs/8431ff8a526bba781b711db7ae58ad0e49c38e35#gnumake",
      "source": "devbox-search",
      "version": "4.4.1",
      "systems": {
        "aarch64-darwin": {
          "outputs": [
            {
              "name": "out",
              "path": "/nix/store/kr71adf93rs30izqrsskc8mn0rw4xdsw-gnumake-4.4.1",
              "default": true
            },
            {
              "name": "man",
              "path": "/nix/store/5jq2zj5v0hy1z581d62disrng6q637k4-gnumake-4.4.1-man",
              "default": true
            },
            {
              "name": "doc",
              "path": "/nix/store/b0sjqwdxzkhxyj17xb3x779sv3ryzmdd-gnumake-4.4.1-doc"
            },
            {
              "name": "info",
              "path": "/nix/store/90g39789sbm7pm07bsdhhy2df6xjsl18-gnumake-4.4.1-info"
            }
          ],
          "store_path": "/nix/store/kr71adf93rs30izqrsskc8mn0rw4xdsw-gnumake-4.4.1"
        },
        "aarch64-linux": {
          "outputs": [
            {
              "name": "out",
              "path": "/nix/store/ik3iy7gsr549r5d7alr6j1dc5bf0x3yk-gnumake-4.4.1",
              "default": true
            },
            {
              "name": "man",
              "path": "/nix/store/zlrj9bnh7k1p8y8z4h85pxn47fp2piv9-gnumake-4.4.1-man",
              "default": true
            },
            {
              "name": "info",
              "path": "/nix/store/qmk342drxxfd3hmbnwpa51mqax66fs86-gnumake-4.4.1-info"
            },
            {
              "name": "debug",
              "path": "/nix/store/38zyx64rsvgkyildpp8h6sm78p5sh0hv-gnumake-4.4.1-debug"
            },
            {
              "name": "doc",
              "path": "/nix/store/23h892zgqyk6iz13d18iqrka5d7jfizm-gnumake-4.4.1-doc"
            }
          ],
          "store_path": "/nix/store/ik3iy7gsr549r5d7alr6j1dc5bf0x3yk-gnumake-4.4.1"
        },
        "x86_64-darwin": {
          "outputs": [
            {
              "name": "out",
              "path": "/nix/store/0bg5b97b9hbhz8907bfcrch1i116xppa-gnumake-4.4.1",
              "default": true
            },
            {
              "name": "man",
              "path": "/nix/store/wb4yn3d7vmi1hr4f8pz38rjvcl7f70ma-gnumake-4.4.1-man",
              "default": true
            },
            {
              "name": "doc",
              "path": "/nix/store/3b9cjf16jx4ncpp3b4k6m8q01nxsrw1n-gnumake-4.4.1-doc"
            },
            {
              "name": "info",
              "path": "/nix/store/rriz5p4q8a6sca7sw3p3js1m5dl09ia8-gnumake-4.4.1-info"
            }
          ],
          "store_path": "/nix/store/0bg5b97b9hbhz8907bfcrch1i116xppa-gnumake-4.4.1"
        },
        "x86_64-linux": {
          "outputs": [
            {
              "name": "out",
              "path": "/nix/store/9m4gd15rxxz4xfafqysi5q7jaczxv65c-gnumake-4.4.1",
              "default": true
            },
            {
              "name": "man",
              "path": "/nix/store/nzb365pi5493f66fdh7skzfpw0dlhkw4-gnumake-4.4.1-man",
              "default": true
            },
            {
              "name": "debug",
              "path": "/nix/store/rx8a7585b7ryax54lvzkp46f48dxwi3g-gnumake-4.4.1-debug"
            },
            {
              "name": "doc",
              "path": "/nix/store/6npzah3v5xw40279228l4ynms5jf8ca5-gnumake-4.4.1-doc"
            },
            {
              "name": "info",
              "path": "/nix/store/2jcqrzphphll7fpsarpigy13jm4h3nf8-gnumake-4.4.1-info"
            }
          ],
          "store_path": "/nix/store/9m4gd15rxxz4xfafqysi5q7jaczxv65c-gnumake-4.4.1"
        }
      }
    },
    "jdk11@11.0.24": {
      "last_modified": "2025-10-22T20:59:19Z",
      "resolved": "github:NixOS/nixpkgs/01b6809f7f9d1183a2b3e081f0a1e6f8f415cb09#jdk11",
      "source": "devbox-search",
      "version": "11.0.24",
      "systems": {
        "aarch64-darwin": {
          "outputs": [
            {
              "name": "out",
              "path": "/nix/store/37hfzzxsxbvkb35y1v9hfkw802l6j3xq-zulu-ca-jdk-11.0.24",
              "default": true
            }
          ],
          "store_path": "/nix/store/37hfzzxsxbvkb35y1v9hfkw802l6j3xq-zulu-ca-jdk-11.0.24"
        },
        "x86_64-darwin": {
          "outputs": [
            {
              "name": "out",
              "path": "/nix/store/kl9yv2dppl8cbj2zy23lm7n8gppv4sp5-zulu-ca-jdk-11.0.24",
              "default": true
            }
          ],
          "store_path": "/nix/store/kl9yv2dppl8cbj2zy23lm7n8gppv4sp5-zulu-ca-jdk-11.0.24"
        },
        "x86_64-linux": {
          "outputs": [
            {
              "path": "/tmp/containerbase/cache/nix/store/bmpmh904xwqsrx2n3hk6gaw8ykgwlf6s-openjdk-11.0.29+5",
              "default": true
            }
          ]
        }
      }
    },
    "jq@1.8.1": {
      "last_modified": "2026-07-08T01:50:52Z",
      "resolved": "github:NixOS/nixpkgs/05988b07fb05cbcb50be6bce197b4b5f75b5e61b#jq",
      "source": "devbox-search",
      "version": "1.8.1",
      "systems": {
        "aarch64-darwin": {
          "outputs": [
            {
              "name": "bin",
              "path": "/nix/store/n9ri7m7j3l3ggx7ag8xm87cavjvcxycz-jq-1.8.1-bin",
              "default": true
            },
            {
              "name": "man",
              "path": "/nix/store/0l8f1i70kd15qadl45b4fvqlg2j7s5hn-jq-1.8.1-man",
              "default": true
            },
            {
              "name": "dev",
              "path": "/nix/store/pfp4psnwxs2ygda5sq6sr95x2snn6yjl-jq-1.8.1-dev"
            },
            {
              "name": "doc",
              "path": "/nix/store/6va29c6s0v4kqi0zvc5jhn7s31c9i4hd-jq-1.8.1-doc"
            },
            {
              "name": "out",
              "path": "/nix/store/phmsnvxjh6rmf7id4wahi3vllbj8fn4s-jq-1.8.1"
            }
          ],
          "store_path": "/nix/store/n9ri7m7j3l3ggx7ag8xm87cavjvcxycz-jq-1.8.1-bin"
        },
        "aarch64-linux": {
          "outputs": [
            {
              "name": "bin",
              "path": "/nix/store/hmwz4mnhiwyy1zyrypbdk6xqrxrpv4jp-jq-1.8.1-bin",
              "default": true
            },
            {
              "name": "man",
              "path": "/nix/store/iy9j5qqv7bkf0fnwh6pddfbk5q93i3nh-jq-1.8.1-man",
              "default": true
            },
            {
              "name": "dev",
              "path": "/nix/store/gkincbg9wkmasrxw36mmyvp08jyhcxxg-jq-1.8.1-dev"
            },
            {
              "name": "doc",
              "path": "/nix/store/vh84k872pnn2xavlx9j551056k1h579f-jq-1.8.1-doc"
            },
            {
              "name": "out",
              "path": "/nix/store/cs80rizzqf70hsya9n2h60zj9rf23sr5-jq-1.8.1"
            }
          ],
          "store_path": "/nix/store/hmwz4mnhiwyy1zyrypbdk6xqrxrpv4jp-jq-1.8.1-bin"
        },
        "x86_64-darwin": {
          "outputs": [
            {
              "name": "bin",
              "path": "/nix/store/glj1kzrb6jm7x4r5z400mcmja8ws657q-jq-1.8.1-bin",
              "default": true
            },
            {
              "name": "man",
              "path": "/nix/store/vpk901871j7kfmmb20i1vfxh5d8mhim2-jq-1.8.1-man",
              "default": true
            },
            {
              "name": "dev",
              "path": "/nix/store/akbah2c4a6xcgpx2l7xqqgfbxgi8anfj-jq-1.8.1-dev"
            },
            {
              "name": "doc",
              "path": "/nix/store/jb2xgi4gjvzwifzfmf4kzkimbgrhsaav-jq-1.8.1-doc"
            },
            {
              "name": "out",
              "path": "/nix/store/l4i89frkjf4dly7gxwbksrcimcgr2x8f-jq-1.8.1"
            }
          ],
          "store_path": "/nix/store/glj1kzrb6jm7x4r5z400mcmja8ws657q-jq-1.8.1-bin"
        },
        "x86_64-linux": {
          "outputs": [
            {
              "name": "bin",
              "path": "/nix/store/q0pj1dw2nr57y6b4pqljklf0hy20alfj-jq-1.8.1-bin",
              "default": true
            },
            {
              "name": "man",
              "path": "/nix/store/d21dmfzxkgpa7jkn5ggr0balzfg0j269-jq-1.8.1-man",
              "default": true
            },
            {
              "name": "dev",
              "path": "/nix/store/3vavalljj18drsycygl361zqz4rryygd-jq-1.8.1-dev"
            },
            {
              "name": "doc",
              "path": "/nix/store/nzhykmz9qn2vrb9ki6ddrpipic7rfpfb-jq-1.8.1-doc"
            },
            {
              "name": "out",
              "path": "/nix/store/bzm6nb8fx5p005bygrarn48i6qy1ir3a-jq-1.8.1"
            }
          ],
          "store_path": "/nix/store/q0pj1dw2nr57y6b4pqljklf0hy20alfj-jq-1.8.1-bin"
        }
      }
    },
    "libmsgpack@3.3.0": {
      "last_modified": "2022-02-15T04:21:50Z",
      "resolved": "github:NixOS/nixpkgs/3a641defd170a4ef25ce8c7c64cb13f91f867fca#libmsgpack",
      "source": "devbox-search",
      "version": "3.3.0",
      "systems": {
        "aarch64-darwin": {
          "outputs": [
            {
              "path": "/nix/store/pvxdm5zmryxgn9vsflb385fv20ajf495-msgpack-3.3.0",
              "default": true
            }
          ]
        },
        "x86_64-linux": {
          "outputs": [
            {
              "path": "/tmp/containerbase/cache/nix/store/x5hb4p8iglbcavk0m0rlahq62r5fxdin-msgpack-3.3.0",
              "default": true
            }
          ]
        }
      }
    },
    "libyaml.dev": {
      "resolved": "github:NixOS/nixpkgs/8a1b0127302ea51e05bf4ea5a291743fac442406#libyaml.dev",
      "source": "nixpkg",
      "systems": {
        "aarch64-darwin": {
          "outputs": [
            {
              "name": "dev",
              "path": "/nix/store/px924x2z19gal3x48af1my2s5bwkrqr9-libyaml-0.2.5-dev",
              "default": true
            }
          ]
        },
        "x86_64-linux": {
          "outputs": [
            {
              "name": "dev",
              "path": "/tmp/containerbase/cache/nix/store/wzaxmd33gcj7w68dw3m6qvms2w2yd2m5-libyaml-0.2.5-dev",
              "default": true
            }
          ]
        }
      }
    },
    "libyaml@0.2.5": {
      "last_modified": "2026-07-08T21:13:06Z",
      "resolved": "github:NixOS/nixpkgs/389ed85304b281ca7f306cf8a1eb4378651ca44e#libyaml",
      "source": "devbox-search",
      "version": "0.2.5",
      "systems": {
        "aarch64-darwin": {
          "outputs": [
            {
              "name": "out",
              "path": "/nix/store/wrn2kzim417y4v77r5pigj96rv5i3grg-libyaml-0.2.5",
              "default": true
            },
            {
              "name": "dev",
              "path": "/nix/store/65kqnd84206g9zxypwaci2qmclwxq1cx-libyaml-0.2.5-dev"
            }
          ],
          "store_path": "/nix/store/wrn2kzim417y4v77r5pigj96rv5i3grg-libyaml-0.2.5"
        },
        "aarch64-linux": {
          "outputs": [
            {
              "name": "out",
              "path": "/nix/store/il4z8jyhvjy59qsg0ljj1qfpnlrzd1jj-libyaml-0.2.5",
              "default": true
            },
            {
              "name": "dev",
              "path": "/nix/store/l88fk46avgikwgvcwmcw5ckn4n5sc8j1-libyaml-0.2.5-dev"
            }
          ],
          "store_path": "/nix/store/il4z8jyhvjy59qsg0ljj1qfpnlrzd1jj-libyaml-0.2.5"
        },
        "x86_64-darwin": {
          "outputs": [
            {
              "name": "out",
              "path": "/nix/store/gqx9d651w63222g2yv1d6a8z9q6hvazc-libyaml-0.2.5",
              "default": true
            },
            {
              "name": "dev",
              "path": "/nix/store/9w0qcawjm307yzywm38lb0xd02z9z8p9-libyaml-0.2.5-dev"
            }
          ],
          "store_path": "/nix/store/gqx9d651w63222g2yv1d6a8z9q6hvazc-libyaml-0.2.5"
        },
        "x86_64-linux": {
          "outputs": [
            {
              "name": "out",
              "path": "/nix/store/pi8ja7r4609zi3jkqv4cygjay00bysp0-libyaml-0.2.5",
              "default": true
            },
            {
              "name": "dev",
              "path": "/nix/store/qbkxibycs6a4x92655xm7bqfxc5y5wkr-libyaml-0.2.5-dev"
            }
          ],
          "store_path": "/nix/store/pi8ja7r4609zi3jkqv4cygjay00bysp0-libyaml-0.2.5"
        }
      }
    },
    "nodejs-slim@26.2.0": {
      "last_modified": "2026-05-21T08:15:18Z",
      "plugin_version": "0.0.4",
      "resolved": "github:NixOS/nixpkgs/4a29d733e8a7d5b824c3d8c958a946a9867b3eb2#nodejs-slim_26",
      "source": "devbox-search",
      "version": "26.2.0",
      "systems": {
        "aarch64-darwin": {
          "outputs": [
            {
              "name": "out",
              "path": "/nix/store/gpvv10p98sddwjkdhykmnw9g6sf11z8c-nodejs-slim-26.2.0",
              "default": true
            },
            {
              "name": "dev",
              "path": "/nix/store/2753cvwb2b6wsyjm9ga5xnh6l639q4r0-nodejs-slim-26.2.0-dev"
            },
            {
              "name": "libv8",
              "path": "/nix/store/jkj9zzringv0a29cjxb2l9lliygvdknz-nodejs-slim-26.2.0-libv8"
            },
            {
              "name": "npm",
              "path": "/nix/store/3kar13dns1m871mbkmrf3j74hi6552ny-nodejs-slim-26.2.0-npm"
            }
          ],
          "store_path": "/nix/store/gpvv10p98sddwjkdhykmnw9g6sf11z8c-nodejs-slim-26.2.0"
        },
        "aarch64-linux": {
          "outputs": [
            {
              "name": "out",
              "path": "/nix/store/pq3a2pf2qza7glidn332bm8avg9z28mv-nodejs-slim-26.2.0",
              "default": true
            },
            {
              "name": "libv8",
              "path": "/nix/store/ya1a5cb487250icxkjnq6yfi3gvdic4q-nodejs-slim-26.2.0-libv8"
            },
            {
              "name": "npm",
              "path": "/nix/store/4f5yd5kwnc1bnwbx7ay8v4h6lc7f0y9d-nodejs-slim-26.2.0-npm"
            },
            {
              "name": "dev",
              "path": "/nix/store/3n0qv3sngaah3ik01hflq5zyz4yh3jwj-nodejs-slim-26.2.0-dev"
            }
          ],
          "store_path": "/nix/store/pq3a2pf2qza7glidn332bm8avg9z28mv-nodejs-slim-26.2.0"
        },
        "x86_64-darwin": {
          "outputs": [
            {
              "name": "out",
              "path": "/nix/store/0l1vn7zssgr0i10az6cwfgkgwyh9bcih-nodejs-slim-26.2.0",
              "default": true
            },
            {
              "name": "dev",
              "path": "/nix/store/v64rrlrnq39bkwl34mj9079pm4ma714y-nodejs-slim-26.2.0-dev"
            },
            {
              "name": "libv8",
              "path": "/nix/store/2npx93bhzzql3b7s6vqja2l61j8bx2is-nodejs-slim-26.2.0-libv8"
            },
            {
              "name": "npm",
              "path": "/nix/store/xjy6wj1bdb7pb2nry9hgs05x4c6vif3x-nodejs-slim-26.2.0-npm"
            }
          ],
          "store_path": "/nix/store/0l1vn7zssgr0i10az6cwfgkgwyh9bcih-nodejs-slim-26.2.0"
        },
        "x86_64-linux": {
          "outputs": [
            {
              "name": "out",
              "path": "/nix/store/g11b35nrlp1pwcxz5zv6chdrhv8jmw2p-nodejs-slim-26.2.0",
              "default": true
            },
            {
              "name": "dev",
              "path": "/nix/store/jgp6lqd2dhi6a276nmbkhrnxbi6ggi5c-nodejs-slim-26.2.0-dev"
            },
            {
              "name": "libv8",
              "path": "/nix/store/a62ng2qm3zx9vhmzjndlixc4dgn3wk4d-nodejs-slim-26.2.0-libv8"
            },
            {
              "name": "npm",
              "path": "/nix/store/hvq8p1xg0zkdm5jhd3vyirimklyrxla0-nodejs-slim-26.2.0-npm"
            }
          ],
          "store_path": "/nix/store/g11b35nrlp1pwcxz5zv6chdrhv8jmw2p-nodejs-slim-26.2.0"
        }
      }
    },
    "pkg-config@latest": {
      "last_modified": "2025-11-23T21:50:36Z",
      "resolved": "github:NixOS/nixpkgs/ee09932cedcef15aaf476f9343d1dea2cb77e261#pkg-config",
      "source": "devbox-search",
      "version": "0.29.2",
      "systems": {
        "aarch64-darwin": {
          "outputs": [
            {
              "name": "out",
              "path": "/nix/store/hygaaqwk9ylklp0ybwppqhw75nz8ya41-pkg-config-wrapper-0.29.2",
              "default": true
            },
            {
              "name": "man",
              "path": "/nix/store/9px0sji43x3r2w4zxl3j3idwsql7lwxx-pkg-config-wrapper-0.29.2-man",
              "default": true
            },
            {
              "name": "doc",
              "path": "/nix/store/hqk44ra6qxw7iixardl6c3hdgb9kq6ns-pkg-config-wrapper-0.29.2-doc"
            }
          ],
          "store_path": "/nix/store/hygaaqwk9ylklp0ybwppqhw75nz8ya41-pkg-config-wrapper-0.29.2"
        },
        "aarch64-linux": {
          "outputs": [
            {
              "name": "out",
              "path": "/nix/store/lbiigi8qbp7mzf1lpr7p982l1kyf01ql-pkg-config-wrapper-0.29.2",
              "default": true
            },
            {
              "name": "man",
              "path": "/nix/store/10060k24qggqyzlwdsfmni9y32zxcg0j-pkg-config-wrapper-0.29.2-man",
              "default": true
            },
            {
              "name": "doc",
              "path": "/nix/store/0y4v51ndpyvkj09hwlfqkz0c3h17zfmc-pkg-config-wrapper-0.29.2-doc"
            }
          ],
          "store_path": "/nix/store/lbiigi8qbp7mzf1lpr7p982l1kyf01ql-pkg-config-wrapper-0.29.2"
        },
        "x86_64-darwin": {
          "outputs": [
            {
              "name": "out",
              "path": "/nix/store/vknadizq0q5kffvx6y4379p9gdry9zq3-pkg-config-wrapper-0.29.2",
              "default": true
            },
            {
              "name": "man",
              "path": "/nix/store/1nyspra675q22gfhf7hn2nmfpi6rgim5-pkg-config-wrapper-0.29.2-man",
              "default": true
            },
            {
              "name": "doc",
              "path": "/nix/store/7lq1axxwrafwljs06n88bzyz9w523rkc-pkg-config-wrapper-0.29.2-doc"
            }
          ],
          "store_path": "/nix/store/vknadizq0q5kffvx6y4379p9gdry9zq3-pkg-config-wrapper-0.29.2"
        },
        "x86_64-linux": {
          "outputs": [
            {
              "name": "out",
              "path": "/nix/store/8vdiwpbh0g4avsd6x5v4s0di32vcl3dp-pkg-config-wrapper-0.29.2",
              "default": true
            },
            {
              "name": "man",
              "path": "/nix/store/j9xfpnrygg3v37svc5pfin9q5bm49r94-pkg-config-wrapper-0.29.2-man",
              "default": true
            },
            {
              "name": "doc",
              "path": "/nix/store/x3bypxdxaq20kykybhkf21x4jczsiy8y-pkg-config-wrapper-0.29.2-doc"
            }
          ],
          "store_path": "/nix/store/8vdiwpbh0g4avsd6x5v4s0di32vcl3dp-pkg-config-wrapper-0.29.2"
        }
      }
    },
    "postgresql@15.7": {
      "last_modified": "2024-08-14T02:42:29Z",
      "plugin_version": "0.0.2",
      "resolved": "github:NixOS/nixpkgs/daf7bb95821b789db24fc1ac21f613db0c1bf2cb#postgresql",
      "source": "devbox-search",
      "version": "15.7",
      "systems": {
        "aarch64-darwin": {
          "outputs": [
            {
              "name": "out",
              "path": "/nix/store/j063gkab0kj312p0r5wlwh8hhs3ivmmv-postgresql-15.7",
              "default": true
            },
            {
              "name": "man",
              "path": "/nix/store/83zyb6qnvn85ilfb4g03yr8zjnc4kw5c-postgresql-15.7-man",
              "default": true
            },
            {
              "name": "doc",
              "path": "/nix/store/w98l40gkbw15cxjajs9wr9aaz1zqq8pv-postgresql-15.7-doc"
            },
            {
              "name": "lib",
              "path": "/nix/store/2lqmjj3nwingqsajwgwym4jjl1plqrxd-postgresql-15.7-lib"
            }
          ],
          "store_path": "/nix/store/j063gkab0kj312p0r5wlwh8hhs3ivmmv-postgresql-15.7"
        },
        "aarch64-linux": {
          "outputs": [
            {
              "name": "out",
              "path": "/nix/store/bm08f8k2gyndfq1mszvdm07jnmwr6nlf-postgresql-15.7",
              "default": true
            },
            {
              "name": "man",
              "path": "/nix/store/yd6qvs38zm55271230hfn4j0rd4029ca-postgresql-15.7-man",
              "default": true
            },
            {
              "name": "debug",
              "path": "/nix/store/m8kdahlx418v1x8pvbjja5zbl8ix4hff-postgresql-15.7-debug"
            },
            {
              "name": "doc",
              "path": "/nix/store/nw2ng4sh1vzih1rrfzlivd2c7ifh9zm2-postgresql-15.7-doc"
            },
            {
              "name": "lib",
              "path": "/nix/store/fvs07mhcygpwy41jhw34kq7ghlcnv4nf-postgresql-15.7-lib"
            }
          ],
          "store_path": "/nix/store/bm08f8k2gyndfq1mszvdm07jnmwr6nlf-postgresql-15.7"
        },
        "x86_64-darwin": {
          "outputs": [
            {
              "name": "out",
              "path": "/nix/store/q4h9xjc0804xkcb0l7kxmp8rbqadlpg9-postgresql-15.7",
              "default": true
            },
            {
              "name": "man",
              "path": "/nix/store/22xrk7r5c4bh12wnmh4xssd1xk06b96l-postgresql-15.7-man",
              "default": true
            },
            {
              "name": "doc",
              "path": "/nix/store/4ynkh5cclgi0jcg42868z764irl32dx3-postgresql-15.7-doc"
            },
            {
              "name": "lib",
              "path": "/nix/store/4bqzgkyvzc7c7i955raibmaqabffsi4y-postgresql-15.7-lib"
            }
          ],
          "store_path": "/nix/store/q4h9xjc0804xkcb0l7kxmp8rbqadlpg9-postgresql-15.7"
        },
        "x86_64-linux": {
          "outputs": [
            {
              "name": "out",
              "path": "/nix/store/8gr5ybhmdkafii5idcg57p66nk1qd6sf-postgresql-15.7",
              "default": true
            },
            {
              "name": "man",
              "path": "/nix/store/0j6lskwq3imd8gdwy5rz9sjmn3c41qbc-postgresql-15.7-man",
              "default": true
            },
            {
              "name": "debug",
              "path": "/nix/store/xw1fhj72fzrlkvapaf1spx19ixqm7394-postgresql-15.7-debug"
            },
            {
              "name": "doc",
              "path": "/nix/store/01snq9n6ka7zkb4dp7k639mbb5p0v5qi-postgresql-15.7-doc"
            },
            {
              "name": "lib",
              "path": "/nix/store/9xj29q1wf5wazv63hn5dxlwsp8k3h5lc-postgresql-15.7-lib"
            }
          ],
          "store_path": "/nix/store/8gr5ybhmdkafii5idcg57p66nk1qd6sf-postgresql-15.7"
        }
      }
    },
    "ruby@4.0.4": {
      "last_modified": "2026-05-13T11:46:26Z",
      "plugin_version": "0.0.2",
      "resolved": "github:NixOS/nixpkgs/eef00dfd8a712b34af845f9350bac681b1228bd1#ruby_4_0",
      "source": "devbox-search",
      "version": "4.0.4",
      "systems": {
        "aarch64-darwin": {
          "outputs": [
            {
              "name": "out",
              "path": "/nix/store/zbl1w23qmj45dc5g7waaxxysdixpqdh0-ruby-4.0.4",
              "default": true
            },
            {
              "name": "devdoc",
              "path": "/nix/store/n6780q57c5wrg3g9ld253msibrcpcf9l-ruby-4.0.4-devdoc"
            }
          ],
          "store_path": "/nix/store/zbl1w23qmj45dc5g7waaxxysdixpqdh0-ruby-4.0.4"
        },
        "aarch64-linux": {
          "outputs": [
            {
              "name": "out",
              "path": "/nix/store/8b8cm0y5xdinlp28vxrw7a58fxlkz9j9-ruby-4.0.4",
              "default": true
            },
            {
              "name": "devdoc",
              "path": "/nix/store/3i4s4grls233sqzw4f8sk3028ng9d3ry-ruby-4.0.4-devdoc"
            }
          ],
          "store_path": "/nix/store/8b8cm0y5xdinlp28vxrw7a58fxlkz9j9-ruby-4.0.4"
        },
        "x86_64-darwin": {
          "outputs": [
            {
              "name": "out",
              "path": "/nix/store/rqm1wxaa5y2j4zwasjh91vdgxj8zfwdj-ruby-4.0.4",
              "default": true
            },
            {
              "name": "devdoc",
              "path": "/nix/store/x2j1hjnqc64zvqa1vfm3mxy5icaczzbv-ruby-4.0.4-devdoc"
            }
          ],
          "store_path": "/nix/store/rqm1wxaa5y2j4zwasjh91vdgxj8zfwdj-ruby-4.0.4"
        },
        "x86_64-linux": {
          "outputs": [
            {
              "name": "out",
              "path": "/nix/store/i76qc8rpjxz418q78gqifwybszb4p2pq-ruby-4.0.4",
              "default": true
            },
            {
              "name": "devdoc",
              "path": "/nix/store/xfmrldqc1lhx71ma1rpcywlmlqc0p3kg-ruby-4.0.4-devdoc"
            }
          ],
          "store_path": "/nix/store/i76qc8rpjxz418q78gqifwybszb4p2pq-ruby-4.0.4"
        }
      }
    },
    "yarn@1.22.22": {
      "last_modified": "2026-07-08T21:13:06Z",
      "resolved": "github:NixOS/nixpkgs/389ed85304b281ca7f306cf8a1eb4378651ca44e#yarn",
      "source": "devbox-search",
      "version": "1.22.22",
      "systems": {
        "aarch64-darwin": {
          "outputs": [
            {
              "name": "out",
              "path": "/nix/store/fz6vyriz9dfz49jsy7d8n5ix6slw4wq2-yarn-1.22.22",
              "default": true
            }
          ],
          "store_path": "/nix/store/fz6vyriz9dfz49jsy7d8n5ix6slw4wq2-yarn-1.22.22"
        },
        "aarch64-linux": {
          "outputs": [
            {
              "name": "out",
              "path": "/nix/store/a2cc6y2y5jccv218nkivpgv3f6fvahix-yarn-1.22.22",
              "default": true
            }
          ],
          "store_path": "/nix/store/a2cc6y2y5jccv218nkivpgv3f6fvahix-yarn-1.22.22"
        },
        "x86_64-darwin": {
          "outputs": [
            {
              "name": "out",
              "path": "/nix/store/ypqd29hkv7w6gdsaix8r186w2syvirn9-yarn-1.22.22",
              "default": true
            }
          ],
          "store_path": "/nix/store/ypqd29hkv7w6gdsaix8r186w2syvirn9-yarn-1.22.22"
        },
        "x86_64-linux": {
          "outputs": [
            {
              "name": "out",
              "path": "/nix/store/70qyn3dw1zr79xjswwwvsislzbnsdg4w-yarn-1.22.22",
              "default": true
            }
          ],
          "store_path": "/nix/store/70qyn3dw1zr79xjswwwvsislzbnsdg4w-yarn-1.22.22"
        }
      }
    },
    "zsh@5.9.1": {
      "last_modified": "2026-07-12T00:30:12Z",
      "resolved": "github:NixOS/nixpkgs/3b32825de172d0bc85664f495edb096b10862524#zsh",
      "source": "devbox-search",
      "version": "5.9.1",
      "systems": {
        "aarch64-darwin": {
          "outputs": [
            {
              "name": "out",
              "path": "/nix/store/5v4y8gh1mzyvl1w2329gns51yzb428hv-zsh-5.9.1",
              "default": true
            },
            {
              "name": "man",
              "path": "/nix/store/jjmqmmkw7mj1vnwdsq2m9cw37hjipmkx-zsh-5.9.1-man",
              "default": true
            },
            {
              "name": "doc",
              "path": "/nix/store/da4blql3yyb5l2qbc1hcbh1j4lqhysm4-zsh-5.9.1-doc"
            },
            {
              "name": "info",
              "path": "/nix/store/f0aj20hqcdhxpvp8aqr7ydqac4d4clyk-zsh-5.9.1-info"
            }
          ],
          "store_path": "/nix/store/5v4y8gh1mzyvl1w2329gns51yzb428hv-zsh-5.9.1"
        },
        "aarch64-linux": {
          "outputs": [
            {
              "name": "out",
              "path": "/nix/store/azj63mx8l8hp0znqzflvg7lyk4qnbnns-zsh-5.9.1",
              "default": true
            },
            {
              "name": "man",
              "path": "/nix/store/r9g8k5p6h9ddl0iwzgfnpvzhvx9g45d7-zsh-5.9.1-man",
              "default": true
            },
            {
              "name": "doc",
              "path": "/nix/store/5mnaj2y6nxg2mbr2ia934d3m5p7pj9m2-zsh-5.9.1-doc"
            },
            {
              "name": "info",
              "path": "/nix/store/vls84gppvhsg79snnppagbl50q0vlpbn-zsh-5.9.1-info"
            }
          ],
          "store_path": "/nix/store/azj63mx8l8hp0znqzflvg7lyk4qnbnns-zsh-5.9.1"
        },
        "x86_64-darwin": {
          "outputs": [
            {
              "name": "out",
              "path": "/nix/store/31wmx92gvbk32dnmgnjq16dd7bnjpf53-zsh-5.9.1",
              "default": true
            },
            {
              "name": "man",
              "path": "/nix/store/0kxkrx37g3rwlmcqqjy8fm88x7kc44jy-zsh-5.9.1-man",
              "default": true
            },
            {
              "name": "doc",
              "path": "/nix/store/xdigwsprdxgv9c9yiscfbn03xdpx00sv-zsh-5.9.1-doc"
            },
            {
              "name": "info",
              "path": "/nix/store/qa0qdi7iawn4z4ikjpmrxsvx06jd8rh8-zsh-5.9.1-info"
            }
          ],
          "store_path": "/nix/store/31wmx92gvbk32dnmgnjq16dd7bnjpf53-zsh-5.9.1"
        },
        "x86_64-linux": {
          "outputs": [
            {
              "name": "out",
              "path": "/nix/store/gmsffw72sk5bv7fy9n4fiw9fsyfbwszm-zsh-5.9.1",
              "default": true
            },
            {
              "name": "man",
              "path": "/nix/store/ghjm592qqgvzajww73257r8y7ivds5v7-zsh-5.9.1-man",
              "default": true
            },
            {
              "name": "info",
              "path": "/nix/store/j8s3f2a0fzh7k3wq5xrcnpkxwdimqzjg-zsh-5.9.1-info"
            },
            {
              "name": "doc",
              "path": "/nix/store/0088bksc6kj031ccsz6bha9r3dyzblci-zsh-5.9.1-doc"
            }
          ],
          "store_path": "/nix/store/gmsffw72sk5bv7fy9n4fiw9fsyfbwszm-zsh-5.9.1"
        }
      }
    }
  }
}
