{
  "lockfile_version": "1",
  "packages": {
    "bash@latest": {
      "last_modified": "2026-02-02T23:09:17Z",
      "resolved": "github:NixOS/nixpkgs/47472570b1e607482890801aeaf29bfb749884f6#bash",
      "source": "devbox-search",
      "version": "5.3p9",
      "systems": {
        "aarch64-darwin": {
          "outputs": [
            {
              "name": "out",
              "path": "/nix/store/ngqf98amj0hv0jhzhz540p03wxjj0chj-bash-interactive-5.3p9",
              "default": true
            },
            {
              "name": "man",
              "path": "/nix/store/k23hpm86ymd7l92c7cg0a2wsjadr8mx6-bash-interactive-5.3p9-man",
              "default": true
            },
            {
              "name": "dev",
              "path": "/nix/store/vhhwpi6h16bxbrvx1sdg5ag973dln1r9-bash-interactive-5.3p9-dev"
            },
            {
              "name": "doc",
              "path": "/nix/store/dahmvcafcvsp553w8lhkqy2ppv7gd6m5-bash-interactive-5.3p9-doc"
            },
            {
              "name": "info",
              "path": "/nix/store/lqd7rdyads0i42dhxj8zwzj0d01hbgqf-bash-interactive-5.3p9-info"
            }
          ],
          "store_path": "/nix/store/ngqf98amj0hv0jhzhz540p03wxjj0chj-bash-interactive-5.3p9"
        },
        "aarch64-linux": {
          "outputs": [
            {
              "name": "out",
              "path": "/nix/store/62p6g8nz491c6z224wc6ci1m699y2jhn-bash-interactive-5.3p9",
              "default": true
            },
            {
              "name": "man",
              "path": "/nix/store/1ma79ibx4dn0hdbflsxyxccrxzjqqwr3-bash-interactive-5.3p9-man",
              "default": true
            },
            {
              "name": "debug",
              "path": "/nix/store/j1i5n2snbiim8s63x9d41yiqv1anmsvi-bash-interactive-5.3p9-debug"
            },
            {
              "name": "dev",
              "path": "/nix/store/n2i7ipwdbxiypxfballikvp8gx4jkivz-bash-interactive-5.3p9-dev"
            },
            {
              "name": "doc",
              "path": "/nix/store/3a9xbr58hfgbj42rmsd9x2fwnir2aasy-bash-interactive-5.3p9-doc"
            },
            {
              "name": "info",
              "path": "/nix/store/h87j74dh8b6lrj11720bda5qq1zfzac0-bash-interactive-5.3p9-info"
            }
          ],
          "store_path": "/nix/store/62p6g8nz491c6z224wc6ci1m699y2jhn-bash-interactive-5.3p9"
        },
        "x86_64-darwin": {
          "outputs": [
            {
              "name": "out",
              "path": "/nix/store/n129ikd89z3didy0p2xw8hqgfaphyv11-bash-interactive-5.3p9",
              "default": true
            },
            {
              "name": "man",
              "path": "/nix/store/2m52h1lgaahqz6fag0aqw1499fjzq473-bash-interactive-5.3p9-man",
              "default": true
            },
            {
              "name": "dev",
              "path": "/nix/store/7px2mpd1qj0106g64qp411p2y5cwlzbz-bash-interactive-5.3p9-dev"
            },
            {
              "name": "doc",
              "path": "/nix/store/s9wwkzamvd36hwz94661rzg0s8bs86bc-bash-interactive-5.3p9-doc"
            },
            {
              "name": "info",
              "path": "/nix/store/z9v40pvapyx3qd6liy9q4v6iwncwapl5-bash-interactive-5.3p9-info"
            }
          ],
          "store_path": "/nix/store/n129ikd89z3didy0p2xw8hqgfaphyv11-bash-interactive-5.3p9"
        },
        "x86_64-linux": {
          "outputs": [
            {
              "name": "out",
              "path": "/nix/store/x12lw455sq6qy2wcya85d7rb88ybc3df-bash-interactive-5.3p9",
              "default": true
            },
            {
              "name": "man",
              "path": "/nix/store/1yg24id0csjk4nq1a3apimwf8dqisr9d-bash-interactive-5.3p9-man",
              "default": true
            },
            {
              "name": "debug",
              "path": "/nix/store/sihl8njk3077kr0bh1fnagdxy83hbyfb-bash-interactive-5.3p9-debug"
            },
            {
              "name": "dev",
              "path": "/nix/store/a1phwny3n394ij9j7csxa51lvb7nf45d-bash-interactive-5.3p9-dev"
            },
            {
              "name": "doc",
              "path": "/nix/store/64qrsa2hiz1ayjv0m655cqwzx54hib9w-bash-interactive-5.3p9-doc"
            },
            {
              "name": "info",
              "path": "/nix/store/by59bhs57xx4i2nh01bsjm3gdprgrby1-bash-interactive-5.3p9-info"
            }
          ],
          "store_path": "/nix/store/x12lw455sq6qy2wcya85d7rb88ybc3df-bash-interactive-5.3p9"
        }
      }
    },
    "chromedriver@latest": {
      "last_modified": "2026-02-06T12:24:04Z",
      "resolved": "github:NixOS/nixpkgs/ae67888ff7ef9dff69b3cf0cc0fbfbcd3a722abe#chromedriver",
      "source": "devbox-search",
      "version": "144.0.7559.133",
      "systems": {
        "aarch64-darwin": {
          "outputs": [
            {
              "name": "out",
              "path": "/nix/store/2mpgj2h8nkwjn80b78l812ig20dwald7-chromedriver-144.0.7559.133",
              "default": true
            }
          ],
          "store_path": "/nix/store/2mpgj2h8nkwjn80b78l812ig20dwald7-chromedriver-144.0.7559.133"
        },
        "x86_64-darwin": {
          "outputs": [
            {
              "name": "out",
              "path": "/nix/store/avmmv6m9hbc51ddparihskqhpnx3jy96-chromedriver-144.0.7559.133",
              "default": true
            }
          ],
          "store_path": "/nix/store/avmmv6m9hbc51ddparihskqhpnx3jy96-chromedriver-144.0.7559.133"
        },
        "x86_64-linux": {
          "outputs": [
            {
              "path": "/tmp/containerbase/cache/nix/store/21qlxkgniymr207ha03hh5c1sd6m5hi2-chromedriver-unwrapped-144.0.7559.132",
              "default": true
            }
          ]
        }
      }
    },
    "gcc@latest": {
      "last_modified": "2026-01-23T17:20:52Z",
      "resolved": "github:NixOS/nixpkgs/a1bab9e494f5f4939442a57a58d0449a109593fe#gcc",
      "source": "devbox-search",
      "version": "15.2.0",
      "systems": {
        "aarch64-darwin": {
          "outputs": [
            {
              "name": "out",
              "path": "/nix/store/ma96zyr88min916scxhygvw7w99jrflz-gcc-wrapper-15.2.0",
              "default": true
            },
            {
              "name": "man",
              "path": "/nix/store/sbyrswi6n263imfw4n474k97qlkc9fp4-gcc-wrapper-15.2.0-man",
              "default": true
            },
            {
              "name": "info",
              "path": "/nix/store/4grmw25w5vddbzfzsf2fx2d3abs9axlv-gcc-wrapper-15.2.0-info"
            }
          ],
          "store_path": "/nix/store/ma96zyr88min916scxhygvw7w99jrflz-gcc-wrapper-15.2.0"
        },
        "aarch64-linux": {
          "outputs": [
            {
              "name": "out",
              "path": "/nix/store/2l6z5aiys7mpsacdm1ikiafijr30g2fg-gcc-wrapper-15.2.0",
              "default": true
            },
            {
              "name": "man",
              "path": "/nix/store/ww5vd3zhxa9dfkxdyyfd69pvq3nivfz1-gcc-wrapper-15.2.0-man",
              "default": true
            },
            {
              "name": "info",
              "path": "/nix/store/s6bajs6f0safjv6yfqawxw23dcbnc0c5-gcc-wrapper-15.2.0-info"
            }
          ],
          "store_path": "/nix/store/2l6z5aiys7mpsacdm1ikiafijr30g2fg-gcc-wrapper-15.2.0"
        },
        "x86_64-darwin": {
          "outputs": [
            {
              "name": "out",
              "path": "/nix/store/pia0yz6p1g201qsmn43lp69qzj89wp2d-gcc-wrapper-15.2.0",
              "default": true
            },
            {
              "name": "man",
              "path": "/nix/store/jh1kv1kz9xl3s389cakcgv63mbwaz3ri-gcc-wrapper-15.2.0-man",
              "default": true
            },
            {
              "name": "info",
              "path": "/nix/store/0x2vvydxchpdb6jb7f6qx1ml2a2xp4bw-gcc-wrapper-15.2.0-info"
            }
          ],
          "store_path": "/nix/store/pia0yz6p1g201qsmn43lp69qzj89wp2d-gcc-wrapper-15.2.0"
        },
        "x86_64-linux": {
          "outputs": [
            {
              "name": "out",
              "path": "/nix/store/a245z3cvf9x9sn0xlk6k8j9xhxbhda1z-gcc-wrapper-15.2.0",
              "default": true
            },
            {
              "name": "man",
              "path": "/nix/store/578hg40df89239rl4921nb3gdfjnm82c-gcc-wrapper-15.2.0-man",
              "default": true
            },
            {
              "name": "info",
              "path": "/nix/store/m1x7c684wrcyic4jbijyadapnm7zj33q-gcc-wrapper-15.2.0-info"
            }
          ],
          "store_path": "/nix/store/a245z3cvf9x9sn0xlk6k8j9xhxbhda1z-gcc-wrapper-15.2.0"
        }
      }
    },
    "git@2.52.0": {
      "last_modified": "2026-02-15T17:45:47Z",
      "resolved": "github:NixOS/nixpkgs/ac055f38c798b0d87695240c7b761b82fc7e5bc2#git",
      "source": "devbox-search",
      "version": "2.52.0",
      "systems": {
        "aarch64-darwin": {
          "outputs": [
            {
              "name": "out",
              "path": "/nix/store/vnhprisb777byfjpp5mdd0mxwkpvhbc0-git-2.52.0",
              "default": true
            },
            {
              "name": "doc",
              "path": "/nix/store/p0dx3053175fpr3kjf0fqgs9x6gm3dri-git-2.52.0-doc"
            }
          ],
          "store_path": "/nix/store/vnhprisb777byfjpp5mdd0mxwkpvhbc0-git-2.52.0"
        },
        "aarch64-linux": {
          "outputs": [
            {
              "name": "out",
              "path": "/nix/store/sd4bjblxfljbm13mpl50x8g336gw2dri-git-2.52.0",
              "default": true
            },
            {
              "name": "debug",
              "path": "/nix/store/cx033x4nmr12d9dcn8hxjfrajc3983f0-git-2.52.0-debug"
            },
            {
              "name": "doc",
              "path": "/nix/store/ylsmgdrnp78p8hn7n9lxpada78dka41v-git-2.52.0-doc"
            }
          ],
          "store_path": "/nix/store/sd4bjblxfljbm13mpl50x8g336gw2dri-git-2.52.0"
        },
        "x86_64-darwin": {
          "outputs": [
            {
              "name": "out",
              "path": "/nix/store/sr42bfqa0pc2ysba678mrm49g78jdynp-git-2.52.0",
              "default": true
            },
            {
              "name": "doc",
              "path": "/nix/store/fky0ci2bhwgyh9klg5682pmqswqg7wk4-git-2.52.0-doc"
            }
          ],
          "store_path": "/nix/store/sr42bfqa0pc2ysba678mrm49g78jdynp-git-2.52.0"
        },
        "x86_64-linux": {
          "outputs": [
            {
              "name": "out",
              "path": "/nix/store/ipwndaag56mm8g8gn8j98z0jvn8x4mk1-git-2.52.0",
              "default": true
            },
            {
              "name": "debug",
              "path": "/nix/store/zd8di23fmzjwrhb5ij1bjnlfqkx9j7d6-git-2.52.0-debug"
            },
            {
              "name": "doc",
              "path": "/nix/store/d8kc4kqzcrbcj92msxrpdsdjglh2q5gp-git-2.52.0-doc"
            }
          ],
          "store_path": "/nix/store/ipwndaag56mm8g8gn8j98z0jvn8x4mk1-git-2.52.0"
        }
      }
    },
    "github:NixOS/nixpkgs/nixpkgs-unstable": {
      "last_modified": "2025-11-22T10:07:53Z",
      "resolved": "github:NixOS/nixpkgs/878e468e02bfabeda08c79250f7ad583037f2227?lastModified=1763806073"
    },
    "glibcLocales@latest": {
      "last_modified": "2025-11-15T07:28:48Z",
      "resolved": "github:NixOS/nixpkgs/1d4c88323ac36805d09657d13a5273aea1b34f0c#glibcLocales",
      "source": "devbox-search",
      "version": "2.40-66",
      "systems": {
        "aarch64-linux": {
          "outputs": [
            {
              "name": "out",
              "path": "/nix/store/6xp6wngm0g3m8w6jwrnclpa16mxxy6sh-glibc-locales-2.40-66",
              "default": true
            }
          ],
          "store_path": "/nix/store/6xp6wngm0g3m8w6jwrnclpa16mxxy6sh-glibc-locales-2.40-66"
        },
        "x86_64-linux": {
          "outputs": [
            {
              "name": "out",
              "path": "/nix/store/0447paawyvfx897vzbcz9jv6jzxnjfrq-glibc-locales-2.40-66",
              "default": true
            }
          ],
          "store_path": "/nix/store/0447paawyvfx897vzbcz9jv6jzxnjfrq-glibc-locales-2.40-66"
        }
      }
    },
    "gnumake@latest": {
      "last_modified": "2026-02-06T12:24:04Z",
      "resolved": "github:NixOS/nixpkgs/ae67888ff7ef9dff69b3cf0cc0fbfbcd3a722abe#gnumake",
      "source": "devbox-search",
      "version": "4.4.1",
      "systems": {
        "aarch64-darwin": {
          "outputs": [
            {
              "name": "out",
              "path": "/nix/store/cz4rjcd28s9qqk2zcnn9d8pgs5l6qqy9-gnumake-4.4.1",
              "default": true
            },
            {
              "name": "man",
              "path": "/nix/store/2cd4idcvj4fnn4ss1ffz9fqagfhvjpy1-gnumake-4.4.1-man",
              "default": true
            },
            {
              "name": "doc",
              "path": "/nix/store/8cnmyqhnlxpl7k9z15cridfdd9kka64b-gnumake-4.4.1-doc"
            },
            {
              "name": "info",
              "path": "/nix/store/jar06k1k53zsig2iah8vaw1y9r0wxa55-gnumake-4.4.1-info"
            }
          ],
          "store_path": "/nix/store/cz4rjcd28s9qqk2zcnn9d8pgs5l6qqy9-gnumake-4.4.1"
        },
        "aarch64-linux": {
          "outputs": [
            {
              "name": "out",
              "path": "/nix/store/z9wllcd2plhx8863ka0zfh0mffxm6jir-gnumake-4.4.1",
              "default": true
            },
            {
              "name": "man",
              "path": "/nix/store/i0rnnv9fm87c0228z34pgvk24ifqn6bm-gnumake-4.4.1-man",
              "default": true
            },
            {
              "name": "debug",
              "path": "/nix/store/4wnafz38wr2jld58vr5j41b6mc4n26r6-gnumake-4.4.1-debug"
            },
            {
              "name": "doc",
              "path": "/nix/store/15r3aanv0lh7mqi1gm3l8blpcnp05qzy-gnumake-4.4.1-doc"
            },
            {
              "name": "info",
              "path": "/nix/store/gjd78rqz1k94n1c2s2kip126f8gjbb6g-gnumake-4.4.1-info"
            }
          ],
          "store_path": "/nix/store/z9wllcd2plhx8863ka0zfh0mffxm6jir-gnumake-4.4.1"
        },
        "x86_64-darwin": {
          "outputs": [
            {
              "name": "out",
              "path": "/nix/store/sqp22z2pm7s7n0wb3al4c3h47shw5aic-gnumake-4.4.1",
              "default": true
            },
            {
              "name": "man",
              "path": "/nix/store/x7p2q0wx9828p9n8r3pisbijncsfphvr-gnumake-4.4.1-man",
              "default": true
            },
            {
              "name": "doc",
              "path": "/nix/store/2kpsfrqzyr0kzckkdjbqnsdcz2d719lk-gnumake-4.4.1-doc"
            },
            {
              "name": "info",
              "path": "/nix/store/jlb9r2mzq8660lhn9my1pgri15jiqljq-gnumake-4.4.1-info"
            }
          ],
          "store_path": "/nix/store/sqp22z2pm7s7n0wb3al4c3h47shw5aic-gnumake-4.4.1"
        },
        "x86_64-linux": {
          "outputs": [
            {
              "name": "out",
              "path": "/nix/store/5lyy21zm97pj8l67r2xapdkxpxb6v6y0-gnumake-4.4.1",
              "default": true
            },
            {
              "name": "man",
              "path": "/nix/store/an38a5jy0ivp1504yjbzgl4prvhjnix7-gnumake-4.4.1-man",
              "default": true
            },
            {
              "name": "debug",
              "path": "/nix/store/fa0f3msdrc5il96nn5qvrbhf6779vvh1-gnumake-4.4.1-debug"
            },
            {
              "name": "doc",
              "path": "/nix/store/j2vz6gm38023yfg359cnawzvabqc0w9v-gnumake-4.4.1-doc"
            },
            {
              "name": "info",
              "path": "/nix/store/2pqq9mdchp0s0cgl1qqql38v502kbdi1-gnumake-4.4.1-info"
            }
          ],
          "store_path": "/nix/store/5lyy21zm97pj8l67r2xapdkxpxb6v6y0-gnumake-4.4.1"
        }
      }
    },
    "jdk11@latest": {
      "last_modified": "2025-10-22T20:59:19Z",
      "resolved": "github:NixOS/nixpkgs/01b6809f7f9d1183a2b3e081f0a1e6f8f415cb09#jdk11",
      "source": "devbox-search",
      "version": "11.0.24",
      "systems": {
        "aarch64-darwin": {
          "outputs": [
            {
              "name": "out",
              "path": "/nix/store/37hfzzxsxbvkb35y1v9hfkw802l6j3xq-zulu-ca-jdk-11.0.24",
              "default": true
            }
          ],
          "store_path": "/nix/store/37hfzzxsxbvkb35y1v9hfkw802l6j3xq-zulu-ca-jdk-11.0.24"
        },
        "x86_64-darwin": {
          "outputs": [
            {
              "name": "out",
              "path": "/nix/store/kl9yv2dppl8cbj2zy23lm7n8gppv4sp5-zulu-ca-jdk-11.0.24",
              "default": true
            }
          ],
          "store_path": "/nix/store/kl9yv2dppl8cbj2zy23lm7n8gppv4sp5-zulu-ca-jdk-11.0.24"
        },
        "x86_64-linux": {
          "outputs": [
            {
              "path": "/tmp/containerbase/cache/nix/store/bmpmh904xwqsrx2n3hk6gaw8ykgwlf6s-openjdk-11.0.29+5",
              "default": true
            }
          ]
        }
      }
    },
    "jq@latest": {
      "last_modified": "2026-02-06T12:24:04Z",
      "resolved": "github:NixOS/nixpkgs/ae67888ff7ef9dff69b3cf0cc0fbfbcd3a722abe#jq",
      "source": "devbox-search",
      "version": "1.8.1",
      "systems": {
        "aarch64-darwin": {
          "outputs": [
            {
              "name": "bin",
              "path": "/nix/store/qjs0qndyz1g97rsc1zp4cd692y5iph64-jq-1.8.1-bin",
              "default": true
            },
            {
              "name": "man",
              "path": "/nix/store/jlpyybc7pdh4gk17dc266d6a1szm7dk6-jq-1.8.1-man",
              "default": true
            },
            {
              "name": "doc",
              "path": "/nix/store/238sn0gg3i3i9v6kgx4g1k6b19frzy49-jq-1.8.1-doc"
            },
            {
              "name": "out",
              "path": "/nix/store/n64h0247s3674kry90l6kszx06zyrgfn-jq-1.8.1"
            },
            {
              "name": "dev",
              "path": "/nix/store/bhryp10d5w5h9rsav5k9m9jb55z26bsl-jq-1.8.1-dev"
            }
          ],
          "store_path": "/nix/store/qjs0qndyz1g97rsc1zp4cd692y5iph64-jq-1.8.1-bin"
        },
        "aarch64-linux": {
          "outputs": [
            {
              "name": "bin",
              "path": "/nix/store/c1qm5fsn6qbl09xdjx649vifabypyywd-jq-1.8.1-bin",
              "default": true
            },
            {
              "name": "man",
              "path": "/nix/store/2pjwv0ab8nilrg1lvjazf9y9w6g6pk5y-jq-1.8.1-man",
              "default": true
            },
            {
              "name": "dev",
              "path": "/nix/store/2sy4y09ddbi64pbg4is078110z70jsdw-jq-1.8.1-dev"
            },
            {
              "name": "doc",
              "path": "/nix/store/vx81xggapqwdd2l64mmxrkbafih461jc-jq-1.8.1-doc"
            },
            {
              "name": "out",
              "path": "/nix/store/cfhajjz1k7gf31krbj18q9acb54xp5z9-jq-1.8.1"
            }
          ],
          "store_path": "/nix/store/c1qm5fsn6qbl09xdjx649vifabypyywd-jq-1.8.1-bin"
        },
        "x86_64-darwin": {
          "outputs": [
            {
              "name": "bin",
              "path": "/nix/store/51343hgchh7by4l8r1g244ma05ny3x0b-jq-1.8.1-bin",
              "default": true
            },
            {
              "name": "man",
              "path": "/nix/store/vx840ik1sj1h8fhqwa40aglvrgpa0r18-jq-1.8.1-man",
              "default": true
            },
            {
              "name": "doc",
              "path": "/nix/store/h05xaf7fsasgp8cpyar2195cc8lbgih8-jq-1.8.1-doc"
            },
            {
              "name": "out",
              "path": "/nix/store/bmg2xfw86wavg7fm062nyf6v48xzxh0j-jq-1.8.1"
            },
            {
              "name": "dev",
              "path": "/nix/store/pp2hrljvalrrwyxh7is69nnlmxb2m7lk-jq-1.8.1-dev"
            }
          ],
          "store_path": "/nix/store/51343hgchh7by4l8r1g244ma05ny3x0b-jq-1.8.1-bin"
        },
        "x86_64-linux": {
          "outputs": [
            {
              "name": "bin",
              "path": "/nix/store/qnaw7i777j52fpgbl5pgmzkq85znp083-jq-1.8.1-bin",
              "default": true
            },
            {
              "name": "man",
              "path": "/nix/store/6mh88qsh57ivh31c5nqxc43n0hv9xhbk-jq-1.8.1-man",
              "default": true
            },
            {
              "name": "dev",
              "path": "/nix/store/d73i1fvhrqms0sbfrvqaynsr8iva216v-jq-1.8.1-dev"
            },
            {
              "name": "doc",
              "path": "/nix/store/3ynrp4ypwv1g1jgsk638443p8lpd9g8f-jq-1.8.1-doc"
            },
            {
              "name": "out",
              "path": "/nix/store/fgsvqffyvcpjqs093wwf2d6dzxnmnqnv-jq-1.8.1"
            }
          ],
          "store_path": "/nix/store/qnaw7i777j52fpgbl5pgmzkq85znp083-jq-1.8.1-bin"
        }
      }
    },
    "libmsgpack@latest": {
      "last_modified": "2022-02-15T04:21:50Z",
      "resolved": "github:NixOS/nixpkgs/3a641defd170a4ef25ce8c7c64cb13f91f867fca#libmsgpack",
      "source": "devbox-search",
      "version": "3.3.0",
      "systems": {
        "x86_64-linux": {
          "outputs": [
            {
              "path": "/tmp/containerbase/cache/nix/store/x5hb4p8iglbcavk0m0rlahq62r5fxdin-msgpack-3.3.0",
              "default": true
            }
          ]
        }
      }
    },
    "libyaml.dev": {
      "resolved": "github:NixOS/nixpkgs/878e468e02bfabeda08c79250f7ad583037f2227#libyaml.dev",
      "source": "nixpkg",
      "systems": {
        "x86_64-linux": {
          "outputs": [
            {
              "name": "dev",
              "path": "/tmp/containerbase/cache/nix/store/qmri1yxg74hvnnxx9r8r8l79hskphbpj-libyaml-0.2.5-dev",
              "default": true
            }
          ]
        }
      }
    },
    "libyaml@latest": {
      "last_modified": "2026-01-23T17:20:52Z",
      "resolved": "github:NixOS/nixpkgs/a1bab9e494f5f4939442a57a58d0449a109593fe#libyaml",
      "source": "devbox-search",
      "version": "0.2.5",
      "systems": {
        "aarch64-darwin": {
          "outputs": [
            {
              "name": "out",
              "path": "/nix/store/b5sy81bq17mwkqmwphhg43rscn3jpgz9-libyaml-0.2.5",
              "default": true
            },
            {
              "name": "dev",
              "path": "/nix/store/amiqglvn5097pai4c5sl137kqprxhn5r-libyaml-0.2.5-dev"
            }
          ],
          "store_path": "/nix/store/b5sy81bq17mwkqmwphhg43rscn3jpgz9-libyaml-0.2.5"
        },
        "aarch64-linux": {
          "outputs": [
            {
              "name": "out",
              "path": "/nix/store/n5fnxxcjssd66dzs7gra2kdmyrx90hk3-libyaml-0.2.5",
              "default": true
            },
            {
              "name": "dev",
              "path": "/nix/store/gx87nywllhdbrcsfagi29h6qcbq6a469-libyaml-0.2.5-dev"
            }
          ],
          "store_path": "/nix/store/n5fnxxcjssd66dzs7gra2kdmyrx90hk3-libyaml-0.2.5"
        },
        "x86_64-darwin": {
          "outputs": [
            {
              "name": "out",
              "path": "/nix/store/mlzgqx1sxq67h0q7n8rhkwg1qcbir3w1-libyaml-0.2.5",
              "default": true
            },
            {
              "name": "dev",
              "path": "/nix/store/f9yww31039dgyv96p20bhhmkm6zc7wwn-libyaml-0.2.5-dev"
            }
          ],
          "store_path": "/nix/store/mlzgqx1sxq67h0q7n8rhkwg1qcbir3w1-libyaml-0.2.5"
        },
        "x86_64-linux": {
          "outputs": [
            {
              "name": "out",
              "path": "/nix/store/0s3m1rr713h04x5spxs31qvp8ribkjv5-libyaml-0.2.5",
              "default": true
            },
            {
              "name": "dev",
              "path": "/nix/store/rslc4j81yyb6nn5bgw482cv88vn7jaf0-libyaml-0.2.5-dev"
            }
          ],
          "store_path": "/nix/store/0s3m1rr713h04x5spxs31qvp8ribkjv5-libyaml-0.2.5"
        }
      }
    },
    "nodejs-slim@24.13.0": {
      "last_modified": "2026-02-03T08:29:05Z",
      "plugin_version": "0.0.2",
      "resolved": "github:NixOS/nixpkgs/4533d9293756b63904b7238acb84ac8fe4c8c2c4#nodejs-slim",
      "source": "devbox-search",
      "version": "24.13.0",
      "systems": {
        "aarch64-darwin": {
          "outputs": [
            {
              "name": "out",
              "path": "/nix/store/cn9gmhgc32cmypvf31bhyqrza654dkdr-nodejs-slim-24.13.0",
              "default": true
            },
            {
              "name": "dev",
              "path": "/nix/store/5yk9yr1fyf6dd3zxfn8haa9qmrfsfax1-nodejs-slim-24.13.0-dev"
            },
            {
              "name": "libv8",
              "path": "/nix/store/fv4wj52yv80q08db8ifkj9lkn5p3nx8p-nodejs-slim-24.13.0-libv8"
            }
          ],
          "store_path": "/nix/store/cn9gmhgc32cmypvf31bhyqrza654dkdr-nodejs-slim-24.13.0"
        },
        "aarch64-linux": {
          "outputs": [
            {
              "name": "out",
              "path": "/nix/store/4cbz98sm8bqzgqfk0wxvhgdkcjq0938m-nodejs-slim-24.13.0",
              "default": true
            },
            {
              "name": "dev",
              "path": "/nix/store/qg1qxv88sdb37ylm65szkixrm8z85239-nodejs-slim-24.13.0-dev"
            },
            {
              "name": "libv8",
              "path": "/nix/store/kzpgfihf478379zhn38rc6j40n1l9ysy-nodejs-slim-24.13.0-libv8"
            }
          ],
          "store_path": "/nix/store/4cbz98sm8bqzgqfk0wxvhgdkcjq0938m-nodejs-slim-24.13.0"
        },
        "x86_64-darwin": {
          "outputs": [
            {
              "name": "out",
              "path": "/nix/store/4nx63lcr5zic1rqwyq9y8k084h9spqmv-nodejs-slim-24.13.0",
              "default": true
            },
            {
              "name": "libv8",
              "path": "/nix/store/mrxqyw7m5xzcsaf2fgqwlr2kb83cmr6h-nodejs-slim-24.13.0-libv8"
            },
            {
              "name": "dev",
              "path": "/nix/store/k989y6y7052hjhghnfgasaiqa28yq2d0-nodejs-slim-24.13.0-dev"
            }
          ],
          "store_path": "/nix/store/4nx63lcr5zic1rqwyq9y8k084h9spqmv-nodejs-slim-24.13.0"
        },
        "x86_64-linux": {
          "outputs": [
            {
              "name": "out",
              "path": "/nix/store/qp18rkx1bcq79r5s68445hz92psym1dz-nodejs-slim-24.13.0",
              "default": true
            },
            {
              "name": "libv8",
              "path": "/nix/store/d5mv0wgjr8kvhimakhw65xnq7a9dyrbb-nodejs-slim-24.13.0-libv8"
            },
            {
              "name": "dev",
              "path": "/nix/store/b1rd6r84xayvlrnqhfswvlr148b0jw9i-nodejs-slim-24.13.0-dev"
            }
          ],
          "store_path": "/nix/store/qp18rkx1bcq79r5s68445hz92psym1dz-nodejs-slim-24.13.0"
        }
      }
    },
    "pkg-config@latest": {
      "last_modified": "2025-11-15T07:28:48Z",
      "resolved": "github:NixOS/nixpkgs/1d4c88323ac36805d09657d13a5273aea1b34f0c#pkg-config",
      "source": "devbox-search",
      "version": "0.29.2",
      "systems": {
        "aarch64-darwin": {
          "outputs": [
            {
              "name": "out",
              "path": "/nix/store/hcjg5lssxg44z5nx1vnc3yzhlw5arzdj-pkg-config-wrapper-0.29.2",
              "default": true
            },
            {
              "name": "man",
              "path": "/nix/store/zhdvs9ayfck6pg3cvjvyrp4pds378zpc-pkg-config-wrapper-0.29.2-man",
              "default": true
            },
            {
              "name": "doc",
              "path": "/nix/store/x51vgzz0q9njypzx46bf3shgkwiprv1x-pkg-config-wrapper-0.29.2-doc"
            }
          ],
          "store_path": "/nix/store/hcjg5lssxg44z5nx1vnc3yzhlw5arzdj-pkg-config-wrapper-0.29.2"
        },
        "aarch64-linux": {
          "outputs": [
            {
              "name": "out",
              "path": "/nix/store/wr7y19zqxwmgx8vr9jk35f2480041ciq-pkg-config-wrapper-0.29.2",
              "default": true
            },
            {
              "name": "man",
              "path": "/nix/store/v4sf0gwh4z2md51iiqavj6s5byihc9f3-pkg-config-wrapper-0.29.2-man",
              "default": true
            },
            {
              "name": "doc",
              "path": "/nix/store/aqvd7964scy8nhakqilfswbss6s7rgjb-pkg-config-wrapper-0.29.2-doc"
            }
          ],
          "store_path": "/nix/store/wr7y19zqxwmgx8vr9jk35f2480041ciq-pkg-config-wrapper-0.29.2"
        },
        "x86_64-darwin": {
          "outputs": [
            {
              "name": "out",
              "path": "/nix/store/1y5rd6if5c5ybfkmx6417lfwciy5zsf7-pkg-config-wrapper-0.29.2",
              "default": true
            },
            {
              "name": "man",
              "path": "/nix/store/n67575yb40lrny5bi40lkkayk63z67s4-pkg-config-wrapper-0.29.2-man",
              "default": true
            },
            {
              "name": "doc",
              "path": "/nix/store/mfg7adha74rabpqzxbyrllj98ghynb5y-pkg-config-wrapper-0.29.2-doc"
            }
          ],
          "store_path": "/nix/store/1y5rd6if5c5ybfkmx6417lfwciy5zsf7-pkg-config-wrapper-0.29.2"
        },
        "x86_64-linux": {
          "outputs": [
            {
              "name": "out",
              "path": "/nix/store/jdphp8w273n02mxi9gdpdyy0qqsha70r-pkg-config-wrapper-0.29.2",
              "default": true
            },
            {
              "name": "man",
              "path": "/nix/store/l4dr5ddhf0zqg8z6jvb69k9ipgi3v96c-pkg-config-wrapper-0.29.2-man",
              "default": true
            },
            {
              "name": "doc",
              "path": "/nix/store/45iaq09l17vzm8qmy535jqmg1v32g71g-pkg-config-wrapper-0.29.2-doc"
            }
          ],
          "store_path": "/nix/store/jdphp8w273n02mxi9gdpdyy0qqsha70r-pkg-config-wrapper-0.29.2"
        }
      }
    },
    "postgresql@15.7": {
      "last_modified": "2024-08-14T02:42:29Z",
      "plugin_version": "0.0.2",
      "resolved": "github:NixOS/nixpkgs/daf7bb95821b789db24fc1ac21f613db0c1bf2cb#postgresql",
      "source": "devbox-search",
      "version": "15.7",
      "systems": {
        "aarch64-darwin": {
          "outputs": [
            {
              "name": "out",
              "path": "/nix/store/j063gkab0kj312p0r5wlwh8hhs3ivmmv-postgresql-15.7",
              "default": true
            },
            {
              "name": "man",
              "path": "/nix/store/83zyb6qnvn85ilfb4g03yr8zjnc4kw5c-postgresql-15.7-man",
              "default": true
            },
            {
              "name": "doc",
              "path": "/nix/store/w98l40gkbw15cxjajs9wr9aaz1zqq8pv-postgresql-15.7-doc"
            },
            {
              "name": "lib",
              "path": "/nix/store/2lqmjj3nwingqsajwgwym4jjl1plqrxd-postgresql-15.7-lib"
            }
          ],
          "store_path": "/nix/store/j063gkab0kj312p0r5wlwh8hhs3ivmmv-postgresql-15.7"
        },
        "aarch64-linux": {
          "outputs": [
            {
              "name": "out",
              "path": "/nix/store/bm08f8k2gyndfq1mszvdm07jnmwr6nlf-postgresql-15.7",
              "default": true
            },
            {
              "name": "man",
              "path": "/nix/store/yd6qvs38zm55271230hfn4j0rd4029ca-postgresql-15.7-man",
              "default": true
            },
            {
              "name": "debug",
              "path": "/nix/store/m8kdahlx418v1x8pvbjja5zbl8ix4hff-postgresql-15.7-debug"
            },
            {
              "name": "doc",
              "path": "/nix/store/nw2ng4sh1vzih1rrfzlivd2c7ifh9zm2-postgresql-15.7-doc"
            },
            {
              "name": "lib",
              "path": "/nix/store/fvs07mhcygpwy41jhw34kq7ghlcnv4nf-postgresql-15.7-lib"
            }
          ],
          "store_path": "/nix/store/bm08f8k2gyndfq1mszvdm07jnmwr6nlf-postgresql-15.7"
        },
        "x86_64-darwin": {
          "outputs": [
            {
              "name": "out",
              "path": "/nix/store/q4h9xjc0804xkcb0l7kxmp8rbqadlpg9-postgresql-15.7",
              "default": true
            },
            {
              "name": "man",
              "path": "/nix/store/22xrk7r5c4bh12wnmh4xssd1xk06b96l-postgresql-15.7-man",
              "default": true
            },
            {
              "name": "doc",
              "path": "/nix/store/4ynkh5cclgi0jcg42868z764irl32dx3-postgresql-15.7-doc"
            },
            {
              "name": "lib",
              "path": "/nix/store/4bqzgkyvzc7c7i955raibmaqabffsi4y-postgresql-15.7-lib"
            }
          ],
          "store_path": "/nix/store/q4h9xjc0804xkcb0l7kxmp8rbqadlpg9-postgresql-15.7"
        },
        "x86_64-linux": {
          "outputs": [
            {
              "name": "out",
              "path": "/nix/store/8gr5ybhmdkafii5idcg57p66nk1qd6sf-postgresql-15.7",
              "default": true
            },
            {
              "name": "man",
              "path": "/nix/store/0j6lskwq3imd8gdwy5rz9sjmn3c41qbc-postgresql-15.7-man",
              "default": true
            },
            {
              "name": "debug",
              "path": "/nix/store/xw1fhj72fzrlkvapaf1spx19ixqm7394-postgresql-15.7-debug"
            },
            {
              "name": "doc",
              "path": "/nix/store/01snq9n6ka7zkb4dp7k639mbb5p0v5qi-postgresql-15.7-doc"
            },
            {
              "name": "lib",
              "path": "/nix/store/9xj29q1wf5wazv63hn5dxlwsp8k3h5lc-postgresql-15.7-lib"
            }
          ],
          "store_path": "/nix/store/8gr5ybhmdkafii5idcg57p66nk1qd6sf-postgresql-15.7"
        }
      }
    },
    "ruby@3.4.8": {
      "last_modified": "2026-01-23T17:20:52Z",
      "plugin_version": "0.0.2",
      "resolved": "github:NixOS/nixpkgs/a1bab9e494f5f4939442a57a58d0449a109593fe#ruby_3_4",
      "source": "devbox-search",
      "version": "3.4.8",
      "systems": {
        "aarch64-darwin": {
          "outputs": [
            {
              "name": "out",
              "path": "/nix/store/q68n46bxws0568w63lfibkfdy8gkpp4b-ruby-3.4.8",
              "default": true
            },
            {
              "name": "devdoc",
              "path": "/nix/store/rymcr7f5hj2fi0j8bbf0z89p547ajzdk-ruby-3.4.8-devdoc"
            }
          ],
          "store_path": "/nix/store/q68n46bxws0568w63lfibkfdy8gkpp4b-ruby-3.4.8"
        },
        "aarch64-linux": {
          "outputs": [
            {
              "name": "out",
              "path": "/nix/store/x6vdz0l91i253n3q6ska9hj2jzm3n1c5-ruby-3.4.8",
              "default": true
            },
            {
              "name": "devdoc",
              "path": "/nix/store/ac13nx9kmlnyvryvpax4b3zp9ys8sr23-ruby-3.4.8-devdoc"
            }
          ],
          "store_path": "/nix/store/x6vdz0l91i253n3q6ska9hj2jzm3n1c5-ruby-3.4.8"
        },
        "x86_64-darwin": {
          "outputs": [
            {
              "name": "out",
              "path": "/nix/store/8715s6l54qpk1g1ahlryjz8d902dr2b3-ruby-3.4.8",
              "default": true
            },
            {
              "name": "devdoc",
              "path": "/nix/store/rpp94q0cwjgxxna18pwncjlhnibfm635-ruby-3.4.8-devdoc"
            }
          ],
          "store_path": "/nix/store/8715s6l54qpk1g1ahlryjz8d902dr2b3-ruby-3.4.8"
        },
        "x86_64-linux": {
          "outputs": [
            {
              "name": "out",
              "path": "/nix/store/mhg2vi11q6f5qb4dxhc82phni1yrj6l6-ruby-3.4.8",
              "default": true
            },
            {
              "name": "devdoc",
              "path": "/nix/store/a29ff096ph0cq4kdq616y1rwqyqs0zb6-ruby-3.4.8-devdoc"
            }
          ],
          "store_path": "/nix/store/mhg2vi11q6f5qb4dxhc82phni1yrj6l6-ruby-3.4.8"
        }
      }
    },
    "yarn@1.22.22": {
      "last_modified": "2026-01-23T17:20:52Z",
      "resolved": "github:NixOS/nixpkgs/a1bab9e494f5f4939442a57a58d0449a109593fe#yarn",
      "source": "devbox-search",
      "version": "1.22.22",
      "systems": {
        "aarch64-darwin": {
          "outputs": [
            {
              "name": "out",
              "path": "/nix/store/0cd64z50gqis8fcvcixhifd3c093gxma-yarn-1.22.22",
              "default": true
            }
          ],
          "store_path": "/nix/store/0cd64z50gqis8fcvcixhifd3c093gxma-yarn-1.22.22"
        },
        "aarch64-linux": {
          "outputs": [
            {
              "name": "out",
              "path": "/nix/store/r26rphs7kpljdnshd1nci1g5qjw0ayn2-yarn-1.22.22",
              "default": true
            }
          ],
          "store_path": "/nix/store/r26rphs7kpljdnshd1nci1g5qjw0ayn2-yarn-1.22.22"
        },
        "x86_64-darwin": {
          "outputs": [
            {
              "name": "out",
              "path": "/nix/store/n78iwihflnr0c8bf0xyhvm6nivq0yng2-yarn-1.22.22",
              "default": true
            }
          ],
          "store_path": "/nix/store/n78iwihflnr0c8bf0xyhvm6nivq0yng2-yarn-1.22.22"
        },
        "x86_64-linux": {
          "outputs": [
            {
              "name": "out",
              "path": "/nix/store/5yc7qn8vaawl2v2gqd0rv2igir9wasg3-yarn-1.22.22",
              "default": true
            }
          ],
          "store_path": "/nix/store/5yc7qn8vaawl2v2gqd0rv2igir9wasg3-yarn-1.22.22"
        }
      }
    },
    "zsh@latest": {
      "last_modified": "2026-02-02T23:09:17Z",
      "resolved": "github:NixOS/nixpkgs/47472570b1e607482890801aeaf29bfb749884f6#zsh",
      "source": "devbox-search",
      "version": "5.9",
      "systems": {
        "aarch64-darwin": {
          "outputs": [
            {
              "name": "out",
              "path": "/nix/store/lrlls6c62cfix6mvgkrm2x4pyps53cb5-zsh-5.9",
              "default": true
            },
            {
              "name": "man",
              "path": "/nix/store/b1hzggqbksv14yiy2gnan633l0k2k8h1-zsh-5.9-man",
              "default": true
            },
            {
              "name": "doc",
              "path": "/nix/store/criymylnvn8zxfcshkpjz9j633qlgvdd-zsh-5.9-doc"
            },
            {
              "name": "info",
              "path": "/nix/store/a1n0dij59rb2z880vs2kckf90ym1w5s1-zsh-5.9-info"
            }
          ],
          "store_path": "/nix/store/lrlls6c62cfix6mvgkrm2x4pyps53cb5-zsh-5.9"
        },
        "aarch64-linux": {
          "outputs": [
            {
              "name": "out",
              "path": "/nix/store/98gj6hydnxv9mhv8mq8kzwjnv4303gmc-zsh-5.9",
              "default": true
            },
            {
              "name": "man",
              "path": "/nix/store/lsf8s1nbkbximskyi3pgirpz3jpfkbsi-zsh-5.9-man",
              "default": true
            },
            {
              "name": "doc",
              "path": "/nix/store/snc5dvsl7yp47z182lzaaiki5wpb4zn2-zsh-5.9-doc"
            },
            {
              "name": "info",
              "path": "/nix/store/l2zi2sy0sya9d4v12k45dz1xiw4wijvf-zsh-5.9-info"
            }
          ],
          "store_path": "/nix/store/98gj6hydnxv9mhv8mq8kzwjnv4303gmc-zsh-5.9"
        },
        "x86_64-darwin": {
          "outputs": [
            {
              "name": "out",
              "path": "/nix/store/grlbdzbww4rayws65bkc0lvhq9h14s93-zsh-5.9",
              "default": true
            },
            {
              "name": "man",
              "path": "/nix/store/glpqd4warnilkrf02djkx7pg7g8f9swx-zsh-5.9-man",
              "default": true
            },
            {
              "name": "info",
              "path": "/nix/store/pca33wv8mhzgwvsfh3qrs7z0z7hd9qdg-zsh-5.9-info"
            },
            {
              "name": "doc",
              "path": "/nix/store/p1fd5inci4q9ricvwxgnfxfv06jafd9w-zsh-5.9-doc"
            }
          ],
          "store_path": "/nix/store/grlbdzbww4rayws65bkc0lvhq9h14s93-zsh-5.9"
        },
        "x86_64-linux": {
          "outputs": [
            {
              "name": "out",
              "path": "/nix/store/ghzs95qyvdr92d45xx52vfa778qhw908-zsh-5.9",
              "default": true
            },
            {
              "name": "man",
              "path": "/nix/store/csi9z3npdq5wmjffqhh2zmfqmw5x53m1-zsh-5.9-man",
              "default": true
            },
            {
              "name": "doc",
              "path": "/nix/store/p1zfb9clqx3gify3c3sxw74srcw02mal-zsh-5.9-doc"
            },
            {
              "name": "info",
              "path": "/nix/store/szplbyp0kldwdwka1qnjvhhx2scv02xc-zsh-5.9-info"
            }
          ],
          "store_path": "/nix/store/ghzs95qyvdr92d45xx52vfa778qhw908-zsh-5.9"
        }
      }
    }
  }
}
