# This file is generated by running "yarn install" inside your project.
# Manual changes might be lost - proceed with caution!

__metadata:
  version: 10
  cacheKey: 10c0

"@babel/helper-string-parser@npm:^7.29.7":
  version: 7.29.7
  resolution: "@babel/helper-string-parser@npm:7.29.7"
  checksum: 10c0/194bc0f1716e396d5ffde56ad6119745fb9557662c98611590e5e454906783a4ccb21ce93056b8eb69a4909044834e45d96e50ac695bbe9e3221648fe033c06c
  languageName: node
  linkType: hard

"@babel/helper-validator-identifier@npm:^7.29.7":
  version: 7.29.7
  resolution: "@babel/helper-validator-identifier@npm:7.29.7"
  checksum: 10c0/4795354e7ae0dcafa72de1cd04ec51252dc1498517170beaf019e03effc5b7bf13c6b21a3949a77e07b8125be7f106ed1131350d8ebd4566ae874094a726d62b
  languageName: node
  linkType: hard

"@babel/parser@npm:^7.29.7":
  version: 7.29.7
  resolution: "@babel/parser@npm:7.29.7"
  dependencies:
    "@babel/types": "npm:^7.29.7"
  bin:
    parser: ./bin/babel-parser.js
  checksum: 10c0/65133038f80b54a714d6027cb77cee3f9a6b5c4c6842ce674301e13947cbcbfa8055e63acaf1b84c085d34226a14425b2c2b97b829e0e226d2e8f1299942a51d
  languageName: node
  linkType: hard

"@babel/runtime@npm:^7.21.0":
  version: 7.29.7
  resolution: "@babel/runtime@npm:7.29.7"
  checksum: 10c0/ca11572f7146b21e0bde6a9ed4bb6a89eafbee5f0944c7eb54d0d8a2dac962c33638a1d611e14faa71dfbb92b4b5f9236232208568a6b7d5c6f3f39ddb91771e
  languageName: node
  linkType: hard

"@babel/types@npm:^7.29.7":
  version: 7.29.7
  resolution: "@babel/types@npm:7.29.7"
  dependencies:
    "@babel/helper-string-parser": "npm:^7.29.7"
    "@babel/helper-validator-identifier": "npm:^7.29.7"
  checksum: 10c0/b6623994c69717fa27294f5fa46d59140338e2d86c6c1c13085c84ef7d53086ee357fbf4fe9abe3dd3da75734dc77c4c0df2f90fb29e667558bb3b3fb705e88f
  languageName: node
  linkType: hard

"@esbuild/aix-ppc64@npm:0.28.1":
  version: 0.28.1
  resolution: "@esbuild/aix-ppc64@npm:0.28.1"
  conditions: os=aix & cpu=ppc64
  languageName: node
  linkType: hard

"@esbuild/android-arm64@npm:0.28.1":
  version: 0.28.1
  resolution: "@esbuild/android-arm64@npm:0.28.1"
  conditions: os=android & cpu=arm64
  languageName: node
  linkType: hard

"@esbuild/android-arm@npm:0.28.1":
  version: 0.28.1
  resolution: "@esbuild/android-arm@npm:0.28.1"
  conditions: os=android & cpu=arm
  languageName: node
  linkType: hard

"@esbuild/android-x64@npm:0.28.1":
  version: 0.28.1
  resolution: "@esbuild/android-x64@npm:0.28.1"
  conditions: os=android & cpu=x64
  languageName: node
  linkType: hard

"@esbuild/darwin-arm64@npm:0.28.1":
  version: 0.28.1
  resolution: "@esbuild/darwin-arm64@npm:0.28.1"
  conditions: os=darwin & cpu=arm64
  languageName: node
  linkType: hard

"@esbuild/darwin-x64@npm:0.28.1":
  version: 0.28.1
  resolution: "@esbuild/darwin-x64@npm:0.28.1"
  conditions: os=darwin & cpu=x64
  languageName: node
  linkType: hard

"@esbuild/freebsd-arm64@npm:0.28.1":
  version: 0.28.1
  resolution: "@esbuild/freebsd-arm64@npm:0.28.1"
  conditions: os=freebsd & cpu=arm64
  languageName: node
  linkType: hard

"@esbuild/freebsd-x64@npm:0.28.1":
  version: 0.28.1
  resolution: "@esbuild/freebsd-x64@npm:0.28.1"
  conditions: os=freebsd & cpu=x64
  languageName: node
  linkType: hard

"@esbuild/linux-arm64@npm:0.28.1":
  version: 0.28.1
  resolution: "@esbuild/linux-arm64@npm:0.28.1"
  conditions: os=linux & cpu=arm64
  languageName: node
  linkType: hard

"@esbuild/linux-arm@npm:0.28.1":
  version: 0.28.1
  resolution: "@esbuild/linux-arm@npm:0.28.1"
  conditions: os=linux & cpu=arm
  languageName: node
  linkType: hard

"@esbuild/linux-ia32@npm:0.28.1":
  version: 0.28.1
  resolution: "@esbuild/linux-ia32@npm:0.28.1"
  conditions: os=linux & cpu=ia32
  languageName: node
  linkType: hard

"@esbuild/linux-loong64@npm:0.28.1":
  version: 0.28.1
  resolution: "@esbuild/linux-loong64@npm:0.28.1"
  conditions: os=linux & cpu=loong64
  languageName: node
  linkType: hard

"@esbuild/linux-mips64el@npm:0.28.1":
  version: 0.28.1
  resolution: "@esbuild/linux-mips64el@npm:0.28.1"
  conditions: os=linux & cpu=mips64el
  languageName: node
  linkType: hard

"@esbuild/linux-ppc64@npm:0.28.1":
  version: 0.28.1
  resolution: "@esbuild/linux-ppc64@npm:0.28.1"
  conditions: os=linux & cpu=ppc64
  languageName: node
  linkType: hard

"@esbuild/linux-riscv64@npm:0.28.1":
  version: 0.28.1
  resolution: "@esbuild/linux-riscv64@npm:0.28.1"
  conditions: os=linux & cpu=riscv64
  languageName: node
  linkType: hard

"@esbuild/linux-s390x@npm:0.28.1":
  version: 0.28.1
  resolution: "@esbuild/linux-s390x@npm:0.28.1"
  conditions: os=linux & cpu=s390x
  languageName: node
  linkType: hard

"@esbuild/linux-x64@npm:0.28.1":
  version: 0.28.1
  resolution: "@esbuild/linux-x64@npm:0.28.1"
  conditions: os=linux & cpu=x64
  languageName: node
  linkType: hard

"@esbuild/netbsd-arm64@npm:0.28.1":
  version: 0.28.1
  resolution: "@esbuild/netbsd-arm64@npm:0.28.1"
  conditions: os=netbsd & cpu=arm64
  languageName: node
  linkType: hard

"@esbuild/netbsd-x64@npm:0.28.1":
  version: 0.28.1
  resolution: "@esbuild/netbsd-x64@npm:0.28.1"
  conditions: os=netbsd & cpu=x64
  languageName: node
  linkType: hard

"@esbuild/openbsd-arm64@npm:0.28.1":
  version: 0.28.1
  resolution: "@esbuild/openbsd-arm64@npm:0.28.1"
  conditions: os=openbsd & cpu=arm64
  languageName: node
  linkType: hard

"@esbuild/openbsd-x64@npm:0.28.1":
  version: 0.28.1
  resolution: "@esbuild/openbsd-x64@npm:0.28.1"
  conditions: os=openbsd & cpu=x64
  languageName: node
  linkType: hard

"@esbuild/openharmony-arm64@npm:0.28.1":
  version: 0.28.1
  resolution: "@esbuild/openharmony-arm64@npm:0.28.1"
  conditions: os=openharmony & cpu=arm64
  languageName: node
  linkType: hard

"@esbuild/sunos-x64@npm:0.28.1":
  version: 0.28.1
  resolution: "@esbuild/sunos-x64@npm:0.28.1"
  conditions: os=sunos & cpu=x64
  languageName: node
  linkType: hard

"@esbuild/win32-arm64@npm:0.28.1":
  version: 0.28.1
  resolution: "@esbuild/win32-arm64@npm:0.28.1"
  conditions: os=win32 & cpu=arm64
  languageName: node
  linkType: hard

"@esbuild/win32-ia32@npm:0.28.1":
  version: 0.28.1
  resolution: "@esbuild/win32-ia32@npm:0.28.1"
  conditions: os=win32 & cpu=ia32
  languageName: node
  linkType: hard

"@esbuild/win32-x64@npm:0.28.1":
  version: 0.28.1
  resolution: "@esbuild/win32-x64@npm:0.28.1"
  conditions: os=win32 & cpu=x64
  languageName: node
  linkType: hard

"@jridgewell/sourcemap-codec@npm:^1.5.5":
  version: 1.5.5
  resolution: "@jridgewell/sourcemap-codec@npm:1.5.5"
  checksum: 10c0/f9e538f302b63c0ebc06eecb1dd9918dd4289ed36147a0ddce35d6ea4d7ebbda243cda7b2213b6a5e1d8087a298d5cf630fb2bd39329cdecb82017023f6081a0
  languageName: node
  linkType: hard

"@popperjs/core@npm:^2.11.8":
  version: 2.11.8
  resolution: "@popperjs/core@npm:2.11.8"
  checksum: 10c0/4681e682abc006d25eb380d0cf3efc7557043f53b6aea7a5057d0d1e7df849a00e281cd8ea79c902a35a414d7919621fc2ba293ecec05f413598e0b23d5a1e63
  languageName: node
  linkType: hard

"@types/lodash@npm:^4.14.165":
  version: 4.17.24
  resolution: "@types/lodash@npm:4.17.24"
  checksum: 10c0/b72f60d4daacdad1fa643edb3faba204c02a01eb1ac00a83ff73496a6d236fc55e459c06106e8ced42277dba932d087d8fc090f8de4ef590d3f91e6d6f7ce85a
  languageName: node
  linkType: hard

"@types/resize-observer-browser@npm:^0.1.7":
  version: 0.1.11
  resolution: "@types/resize-observer-browser@npm:0.1.11"
  checksum: 10c0/7bb6347b89464da9ba35e89add6764addc8cf31e90abb4b40970bc8332d418215af65da39acf88277c55631b6c5b0f480b2e4c84adb6d5c0b5c81886db20fc9b
  languageName: node
  linkType: hard

"@vue/compiler-core@npm:3.5.39":
  version: 3.5.39
  resolution: "@vue/compiler-core@npm:3.5.39"
  dependencies:
    "@babel/parser": "npm:^7.29.7"
    "@vue/shared": "npm:3.5.39"
    entities: "npm:^7.0.1"
    estree-walker: "npm:^2.0.2"
    source-map-js: "npm:^1.2.1"
  checksum: 10c0/97592f35505713b2024e92cf58806db0abe5519a1462c06269f71cb8ddcefa9ce680d192ddfa3ef456c741c91fb3955f2e414a27dd40ad1e145b8f051b389988
  languageName: node
  linkType: hard

"@vue/compiler-dom@npm:3.5.39":
  version: 3.5.39
  resolution: "@vue/compiler-dom@npm:3.5.39"
  dependencies:
    "@vue/compiler-core": "npm:3.5.39"
    "@vue/shared": "npm:3.5.39"
  checksum: 10c0/0e3fb865209b918bb59d19d1b9d8349c6474dcae977fb74a264481d9af45f65632752c7ae42a7dd552e9b6de0612678bef4db713a5f8afacaab12e17b1c5bbb6
  languageName: node
  linkType: hard

"@vue/compiler-sfc@npm:3.5.39":
  version: 3.5.39
  resolution: "@vue/compiler-sfc@npm:3.5.39"
  dependencies:
    "@babel/parser": "npm:^7.29.7"
    "@vue/compiler-core": "npm:3.5.39"
    "@vue/compiler-dom": "npm:3.5.39"
    "@vue/compiler-ssr": "npm:3.5.39"
    "@vue/shared": "npm:3.5.39"
    estree-walker: "npm:^2.0.2"
    magic-string: "npm:^0.30.21"
    postcss: "npm:^8.5.15"
    source-map-js: "npm:^1.2.1"
  checksum: 10c0/1361005ef5b66622c2762211c6a9c96c53a106894b8ac9f7ff4dc9fa99453010ab48cafce45f5f799a599ac0b56abffb4232391abd87397c1a2c16514321fe8f
  languageName: node
  linkType: hard

"@vue/compiler-ssr@npm:3.5.39":
  version: 3.5.39
  resolution: "@vue/compiler-ssr@npm:3.5.39"
  dependencies:
    "@vue/compiler-dom": "npm:3.5.39"
    "@vue/shared": "npm:3.5.39"
  checksum: 10c0/df61df18154d9208795c762044e819b9711726b11fff36b9580fa136f51eae8b80e88c9b34924a23fc3b127f11ccd231124a5f2e7b41696ad9778bfffb167d5a
  languageName: node
  linkType: hard

"@vue/reactivity@npm:3.5.39":
  version: 3.5.39
  resolution: "@vue/reactivity@npm:3.5.39"
  dependencies:
    "@vue/shared": "npm:3.5.39"
  checksum: 10c0/41f8a64c87986e107e7f45ad456f2b7b655c24710b16ff02e2d0069d5d42e921f5eac44cf2256ef8125e1cc3045f7f7846a71d7c36aeff97cae6b88b8bb88490
  languageName: node
  linkType: hard

"@vue/runtime-core@npm:3.5.39":
  version: 3.5.39
  resolution: "@vue/runtime-core@npm:3.5.39"
  dependencies:
    "@vue/reactivity": "npm:3.5.39"
    "@vue/shared": "npm:3.5.39"
  checksum: 10c0/c58d7ae93c53ca522b6196d3bed18105e425787f2ab894de9e4b5deaefae220f34bd827b2f322837b02f895d99530673f3332f4a09352668f2560db1df44d51b
  languageName: node
  linkType: hard

"@vue/runtime-dom@npm:3.5.39":
  version: 3.5.39
  resolution: "@vue/runtime-dom@npm:3.5.39"
  dependencies:
    "@vue/reactivity": "npm:3.5.39"
    "@vue/runtime-core": "npm:3.5.39"
    "@vue/shared": "npm:3.5.39"
    csstype: "npm:^3.2.3"
  checksum: 10c0/e06a75a5f927018051b2aea90aebdfd81863196f7987ababb9a7b4b8847dcdd79931caf08381b8d0000d94cebfd9fe324f1343bc02123112ca78d289b1a6f0fc
  languageName: node
  linkType: hard

"@vue/server-renderer@npm:3.5.39":
  version: 3.5.39
  resolution: "@vue/server-renderer@npm:3.5.39"
  dependencies:
    "@vue/compiler-ssr": "npm:3.5.39"
    "@vue/shared": "npm:3.5.39"
  peerDependencies:
    vue: 3.5.39
  checksum: 10c0/43fd5b933adb26cf7dc545c7fc7bdb857bd5cd6dc60c7ef0ae6d650f1bd599b17305fc9f23f1c57a271d8860464345ce4349b41b8431b468f75d913a76da37bb
  languageName: node
  linkType: hard

"@vue/shared@npm:3.5.39":
  version: 3.5.39
  resolution: "@vue/shared@npm:3.5.39"
  checksum: 10c0/2b8b008ab8c22c84a37d231f47133721ae3469e6054d1aa77eea972440657b344ace1e508ea0e025aa132cb5236dee8a5db8284d0c811fd413b25d43c78dad2f
  languageName: node
  linkType: hard

"balanced-match@npm:^4.0.2":
  version: 4.0.4
  resolution: "balanced-match@npm:4.0.4"
  checksum: 10c0/07e86102a3eb2ee2a6a1a89164f29d0dbaebd28f2ca3f5ca786f36b8b23d9e417eb3be45a4acf754f837be5ac0a2317de90d3fcb7f4f4dc95720a1f36b26a17b
  languageName: node
  linkType: hard

"brace-expansion@npm:^5.0.5":
  version: 5.0.7
  resolution: "brace-expansion@npm:5.0.7"
  dependencies:
    balanced-match: "npm:^4.0.2"
  checksum: 10c0/4769109c3c082de178e449a371bcad50d51ab468f644bce2dd9188efe0cf0a080ed102105d7fc8577382cedc45bad7e6443a91bf3d8102264ee8cf927dbaf205
  languageName: node
  linkType: hard

"chokidar@npm:^4.0.1":
  version: 4.0.3
  resolution: "chokidar@npm:4.0.3"
  dependencies:
    readdirp: "npm:^4.0.1"
  checksum: 10c0/a58b9df05bb452f7d105d9e7229ac82fa873741c0c40ddcc7bb82f8a909fbe3f7814c9ebe9bc9a2bef9b737c0ec6e2d699d179048ef06ad3ec46315df0ebe6ad
  languageName: node
  linkType: hard

"core-js@npm:^3.8.3":
  version: 3.49.0
  resolution: "core-js@npm:3.49.0"
  checksum: 10c0/2e42edb47eda38fd5368380131623c8aa5d4a6b42164125b17744bdc08fa5ebbbdd06b4b4aa6ca3663470a560b0f2fba48e18f142dfe264b0039df85bc625694
  languageName: node
  linkType: hard

"csstype@npm:^3.2.3":
  version: 3.2.3
  resolution: "csstype@npm:3.2.3"
  checksum: 10c0/cd29c51e70fa822f1cecd8641a1445bed7063697469d35633b516e60fe8c1bde04b08f6c5b6022136bb669b64c63d4173af54864510fbb4ee23281801841a3ce
  languageName: node
  linkType: hard

"date-fns-tz@npm:^2.0.0":
  version: 2.0.1
  resolution: "date-fns-tz@npm:2.0.1"
  peerDependencies:
    date-fns: 2.x
  checksum: 10c0/f860dda9e3d38bc99dc325c678cafb94b3a18c12b1fea0e2f4e451396ea6c4cacced683066c669a67ec380f64fdda83aa4c414a207029b647faa2b76b2a5c6e3
  languageName: node
  linkType: hard

"date-fns@npm:^2.16.1":
  version: 2.30.0
  resolution: "date-fns@npm:2.30.0"
  dependencies:
    "@babel/runtime": "npm:^7.21.0"
  checksum: 10c0/e4b521fbf22bc8c3db332bbfb7b094fd3e7627de0259a9d17c7551e2d2702608a7307a449206065916538e384f37b181565447ce2637ae09828427aed9cb5581
  languageName: node
  linkType: hard

"entities@npm:^7.0.1":
  version: 7.0.1
  resolution: "entities@npm:7.0.1"
  checksum: 10c0/b4fb9937bb47ecb00aaaceb9db9cdd1cc0b0fb649c0e843d05cf5dbbd2e9d2df8f98721d8b1b286445689c72af7b54a7242fc2d63ef7c9739037a8c73363e7ca
  languageName: node
  linkType: hard

"esbuild-plugin-vue3@npm:^0.5.0":
  version: 0.5.1
  resolution: "esbuild-plugin-vue3@npm:0.5.1"
  dependencies:
    typescript: "npm:^4.7.4"
  peerDependencies:
    cheerio: ^1.0.0-rc.10
    html-minifier: ^4.0.0
    pug: ^3.0.2
    sass: ^1.35.2
    vue: ^3.4.15
  peerDependenciesMeta:
    cheerio:
      optional: true
    html-minifier:
      optional: true
    pug:
      optional: true
    sass:
      optional: true
  checksum: 10c0/70446dc9829240abb4bcc2f6f51b794238c616c468a5b94d0e9abba6ff30a465465155acc4acfb1ad081a0b9161c79a2d82d13f2fe81156e2a01db3b4e9e5731
  languageName: node
  linkType: hard

"esbuild@npm:^0.28.0":
  version: 0.28.1
  resolution: "esbuild@npm:0.28.1"
  dependencies:
    "@esbuild/aix-ppc64": "npm:0.28.1"
    "@esbuild/android-arm": "npm:0.28.1"
    "@esbuild/android-arm64": "npm:0.28.1"
    "@esbuild/android-x64": "npm:0.28.1"
    "@esbuild/darwin-arm64": "npm:0.28.1"
    "@esbuild/darwin-x64": "npm:0.28.1"
    "@esbuild/freebsd-arm64": "npm:0.28.1"
    "@esbuild/freebsd-x64": "npm:0.28.1"
    "@esbuild/linux-arm": "npm:0.28.1"
    "@esbuild/linux-arm64": "npm:0.28.1"
    "@esbuild/linux-ia32": "npm:0.28.1"
    "@esbuild/linux-loong64": "npm:0.28.1"
    "@esbuild/linux-mips64el": "npm:0.28.1"
    "@esbuild/linux-ppc64": "npm:0.28.1"
    "@esbuild/linux-riscv64": "npm:0.28.1"
    "@esbuild/linux-s390x": "npm:0.28.1"
    "@esbuild/linux-x64": "npm:0.28.1"
    "@esbuild/netbsd-arm64": "npm:0.28.1"
    "@esbuild/netbsd-x64": "npm:0.28.1"
    "@esbuild/openbsd-arm64": "npm:0.28.1"
    "@esbuild/openbsd-x64": "npm:0.28.1"
    "@esbuild/openharmony-arm64": "npm:0.28.1"
    "@esbuild/sunos-x64": "npm:0.28.1"
    "@esbuild/win32-arm64": "npm:0.28.1"
    "@esbuild/win32-ia32": "npm:0.28.1"
    "@esbuild/win32-x64": "npm:0.28.1"
  dependenciesMeta:
    "@esbuild/aix-ppc64":
      optional: true
    "@esbuild/android-arm":
      optional: true
    "@esbuild/android-arm64":
      optional: true
    "@esbuild/android-x64":
      optional: true
    "@esbuild/darwin-arm64":
      optional: true
    "@esbuild/darwin-x64":
      optional: true
    "@esbuild/freebsd-arm64":
      optional: true
    "@esbuild/freebsd-x64":
      optional: true
    "@esbuild/linux-arm":
      optional: true
    "@esbuild/linux-arm64":
      optional: true
    "@esbuild/linux-ia32":
      optional: true
    "@esbuild/linux-loong64":
      optional: true
    "@esbuild/linux-mips64el":
      optional: true
    "@esbuild/linux-ppc64":
      optional: true
    "@esbuild/linux-riscv64":
      optional: true
    "@esbuild/linux-s390x":
      optional: true
    "@esbuild/linux-x64":
      optional: true
    "@esbuild/netbsd-arm64":
      optional: true
    "@esbuild/netbsd-x64":
      optional: true
    "@esbuild/openbsd-arm64":
      optional: true
    "@esbuild/openbsd-x64":
      optional: true
    "@esbuild/openharmony-arm64":
      optional: true
    "@esbuild/sunos-x64":
      optional: true
    "@esbuild/win32-arm64":
      optional: true
    "@esbuild/win32-ia32":
      optional: true
    "@esbuild/win32-x64":
      optional: true
  bin:
    esbuild: bin/esbuild
  checksum: 10c0/29cd456a79ce35ac2c7e05fe871330416b2c395c045d849653f843e51378d6e0d6e774d6dcd01b35f4e83238a29bf8decd04fcd34b3780c589a250b21e5f92bb
  languageName: node
  linkType: hard

"estree-walker@npm:^2.0.2":
  version: 2.0.2
  resolution: "estree-walker@npm:2.0.2"
  checksum: 10c0/53a6c54e2019b8c914dc395890153ffdc2322781acf4bd7d1a32d7aedc1710807bdcd866ac133903d5629ec601fbb50abe8c2e5553c7f5a0afdd9b6af6c945af
  languageName: node
  linkType: hard

"fs-extra@npm:^11.3.0":
  version: 11.3.6
  resolution: "fs-extra@npm:11.3.6"
  dependencies:
    graceful-fs: "npm:^4.2.0"
    jsonfile: "npm:^6.0.1"
    universalify: "npm:^2.0.0"
  checksum: 10c0/191c96bf71519fe08595f7920b6e568f6e44b48ed968624f35cb3bb7f4f9b05718b99cd6bf81938c0f7b1daa6d151383c33e0cbfdfe4d95419d7ea121de8e91a
  languageName: node
  linkType: hard

"glob@npm:^13.0.6":
  version: 13.0.6
  resolution: "glob@npm:13.0.6"
  dependencies:
    minimatch: "npm:^10.2.2"
    minipass: "npm:^7.1.3"
    path-scurry: "npm:^2.0.2"
  checksum: 10c0/269c236f11a9b50357fe7a8c6aadac667e01deb5242b19c84975628f05f4438d8ee1354bb62c5d6c10f37fd59911b54d7799730633a2786660d8c69f1d18120a
  languageName: node
  linkType: hard

"graceful-fs@npm:^4.1.6, graceful-fs@npm:^4.2.0":
  version: 4.2.11
  resolution: "graceful-fs@npm:4.2.11"
  checksum: 10c0/386d011a553e02bc594ac2ca0bd6d9e4c22d7fa8cfbfc448a6d148c59ea881b092db9dbe3547ae4b88e55f1b01f7c4a2ecc53b310c042793e63aa44cf6c257f2
  languageName: node
  linkType: hard

"hanami-assets@npm:^3.0.0":
  version: 3.0.0
  resolution: "hanami-assets@npm:3.0.0"
  dependencies:
    chokidar: "npm:^4.0.1"
    fs-extra: "npm:^11.3.0"
    glob: "npm:^13.0.6"
  peerDependencies:
    esbuild: ">=0.28.1"
  checksum: 10c0/ccd04f9bd31451d0e9453ceb6fe021e7945c7af8f3a8ac556335991653fd5afc305772ad43fe5150a69e026d224ee1004618335f57101ba1ee3797216998ad79
  languageName: node
  linkType: hard

"jsonfile@npm:^6.0.1":
  version: 6.2.1
  resolution: "jsonfile@npm:6.2.1"
  dependencies:
    graceful-fs: "npm:^4.1.6"
    universalify: "npm:^2.0.0"
  dependenciesMeta:
    graceful-fs:
      optional: true
  checksum: 10c0/e1abf000ecee9942d4d028a8e02dc752617face227d72afd1cfb2187e2433079e625bf82b807a313689db71b6472c6b2b389a2340d2798737b1199a39631c28a
  languageName: node
  linkType: hard

"lodash@npm:^4.17.20":
  version: 4.18.1
  resolution: "lodash@npm:4.18.1"
  checksum: 10c0/757228fc68805c59789e82185135cf85f05d0b2d3d54631d680ca79ec21944ec8314d4533639a14b8bcfbd97a517e78960933041a5af17ecb693ec6eecb99a27
  languageName: node
  linkType: hard

"lru-cache@npm:^11.0.0":
  version: 11.5.1
  resolution: "lru-cache@npm:11.5.1"
  checksum: 10c0/7b341cea79a8efe9c6a6f20c8757a77eca5b25d7ff983ccf4e11e547b81f6787824baa1c84705251dff84ab4ffac85717ac354b9d02e465f86a9f8b166409979
  languageName: node
  linkType: hard

"lux-design-system@npm:^7.0.0":
  version: 7.7.1
  resolution: "lux-design-system@npm:7.7.1"
  dependencies:
    core-js: "npm:^3.8.3"
    register-service-worker: "npm:^1.7.2"
    v-calendar: "npm:^3.1.2"
    vue-draggable-plus: "npm:^0.3.5"
    vue3-cookies: "npm:^1.0.6"
  checksum: 10c0/56a32de343ec3a484077e19d37d1581965b96c6ae5e537b0ac7bbe2b77df9d5bb44af7032fbdb7711e38955fa3baf12e88cb9d871345d2ff495984f6e9a7687c
  languageName: node
  linkType: hard

"magic-string@npm:^0.30.21":
  version: 0.30.21
  resolution: "magic-string@npm:0.30.21"
  dependencies:
    "@jridgewell/sourcemap-codec": "npm:^1.5.5"
  checksum: 10c0/299378e38f9a270069fc62358522ddfb44e94244baa0d6a8980ab2a9b2490a1d03b236b447eee309e17eb3bddfa482c61259d47960eb018a904f0ded52780c4a
  languageName: node
  linkType: hard

"minimatch@npm:^10.2.2":
  version: 10.2.5
  resolution: "minimatch@npm:10.2.5"
  dependencies:
    brace-expansion: "npm:^5.0.5"
  checksum: 10c0/6bb058bd6324104b9ec2f763476a35386d05079c1f5fe4fbf1f324a25237cd4534d6813ecd71f48208f4e635c1221899bef94c3c89f7df55698fe373aaae20fd
  languageName: node
  linkType: hard

"minipass@npm:^7.1.2, minipass@npm:^7.1.3":
  version: 7.1.3
  resolution: "minipass@npm:7.1.3"
  checksum: 10c0/539da88daca16533211ea5a9ee98dc62ff5742f531f54640dd34429e621955e91cc280a91a776026264b7f9f6735947629f920944e9c1558369e8bf22eb33fbb
  languageName: node
  linkType: hard

"nanoid@npm:^3.3.12":
  version: 3.3.15
  resolution: "nanoid@npm:3.3.15"
  bin:
    nanoid: bin/nanoid.cjs
  checksum: 10c0/e0b12e3a1d361f74150fa4b25631d0ae29f7162dab01a12f0f1be1f53b7a2a219f9b729504e474d4821207d0fe349bd3c97569ab5cf7ec2fff6aa94711956c93
  languageName: node
  linkType: hard

"orcid_princeton@workspace:.":
  version: 0.0.0-use.local
  resolution: "orcid_princeton@workspace:."
  dependencies:
    "@popperjs/core": "npm:^2.11.8"
    esbuild: "npm:^0.28.0"
    esbuild-plugin-vue3: "npm:^0.5.0"
    hanami-assets: "npm:^3.0.0"
    lux-design-system: "npm:^7.0.0"
    prettier: "npm:^3.6.0"
    vue: "npm:^3.5.17"
    vue3-runtime-template: "npm:^1.0.2"
  languageName: unknown
  linkType: soft

"path-scurry@npm:^2.0.2":
  version: 2.0.2
  resolution: "path-scurry@npm:2.0.2"
  dependencies:
    lru-cache: "npm:^11.0.0"
    minipass: "npm:^7.1.2"
  checksum: 10c0/b35ad37cf6557a87fd057121ce2be7695380c9138d93e87ae928609da259ea0a170fac6f3ef1eb3ece8a068e8b7f2f3adf5bb2374cf4d4a57fe484954fcc9482
  languageName: node
  linkType: hard

"picocolors@npm:^1.1.1":
  version: 1.1.1
  resolution: "picocolors@npm:1.1.1"
  checksum: 10c0/e2e3e8170ab9d7c7421969adaa7e1b31434f789afb9b3f115f6b96d91945041ac3ceb02e9ec6fe6510ff036bcc0bf91e69a1772edc0b707e12b19c0f2d6bcf58
  languageName: node
  linkType: hard

"postcss@npm:^8.5.15":
  version: 8.5.16
  resolution: "postcss@npm:8.5.16"
  dependencies:
    nanoid: "npm:^3.3.12"
    picocolors: "npm:^1.1.1"
    source-map-js: "npm:^1.2.1"
  checksum: 10c0/625de7a02f662f3a340964d14b487bd5097adf16f5f171e257d19005ba37aea8768ee446557500e88e91ca46b4d14d6cb4a0bf033c6ec0c8c0b660d85719f1ef
  languageName: node
  linkType: hard

"prettier@npm:^3.6.0":
  version: 3.9.4
  resolution: "prettier@npm:3.9.4"
  bin:
    prettier: bin/prettier.cjs
  checksum: 10c0/dc6ec13d692745c6b7e7bf39beda9eb1b3b76c619118319bce393928c392264b1273337c75f80499695e165affefc7b3a9d2ebb18983af0a8f4dfbb2f45f6ff3
  languageName: node
  linkType: hard

"readdirp@npm:^4.0.1":
  version: 4.1.2
  resolution: "readdirp@npm:4.1.2"
  checksum: 10c0/60a14f7619dec48c9c850255cd523e2717001b0e179dc7037cfa0895da7b9e9ab07532d324bfb118d73a710887d1e35f79c495fa91582784493e085d18c72c62
  languageName: node
  linkType: hard

"register-service-worker@npm:^1.7.2":
  version: 1.7.2
  resolution: "register-service-worker@npm:1.7.2"
  checksum: 10c0/3ce63aee5fcc601bbe8ecb83589a75787cf2796f2c01554391fa47074db6a665907a0564eca176558c8882e698825b1fca0c0189d53aca11b4d907591bb72143
  languageName: node
  linkType: hard

"source-map-js@npm:^1.2.1":
  version: 1.2.1
  resolution: "source-map-js@npm:1.2.1"
  checksum: 10c0/7bda1fc4c197e3c6ff17de1b8b2c20e60af81b63a52cb32ec5a5d67a20a7d42651e2cb34ebe93833c5a2a084377e17455854fee3e21e7925c64a51b6a52b0faf
  languageName: node
  linkType: hard

"typescript@npm:^4.7.4":
  version: 4.9.5
  resolution: "typescript@npm:4.9.5"
  bin:
    tsc: bin/tsc
    tsserver: bin/tsserver
  checksum: 10c0/5f6cad2e728a8a063521328e612d7876e12f0d8a8390d3b3aaa452a6a65e24e9ac8ea22beb72a924fd96ea0a49ea63bb4e251fb922b12eedfb7f7a26475e5c56
  languageName: node
  linkType: hard

"typescript@patch:typescript@npm%3A^4.7.4#optional!builtin<compat/typescript>":
  version: 4.9.5
  resolution: "typescript@patch:typescript@npm%3A4.9.5#optional!builtin<compat/typescript>::version=4.9.5&hash=289587"
  bin:
    tsc: bin/tsc
    tsserver: bin/tsserver
  checksum: 10c0/e3333f887c6829dfe0ab6c1dbe0dd1e3e2aeb56c66460cb85c5440c566f900c833d370ca34eb47558c0c69e78ced4bfe09b8f4f98b6de7afed9b84b8d1dd06a1
  languageName: node
  linkType: hard

"universalify@npm:^2.0.0":
  version: 2.0.1
  resolution: "universalify@npm:2.0.1"
  checksum: 10c0/73e8ee3809041ca8b818efb141801a1004e3fc0002727f1531f4de613ea281b494a40909596dae4a042a4fb6cd385af5d4db2e137b1362e0e91384b828effd3a
  languageName: node
  linkType: hard

"v-calendar@npm:^3.1.2":
  version: 3.1.2
  resolution: "v-calendar@npm:3.1.2"
  dependencies:
    "@types/lodash": "npm:^4.14.165"
    "@types/resize-observer-browser": "npm:^0.1.7"
    date-fns: "npm:^2.16.1"
    date-fns-tz: "npm:^2.0.0"
    lodash: "npm:^4.17.20"
    vue-screen-utils: "npm:^1.0.0-beta.13"
  peerDependencies:
    "@popperjs/core": ^2.0.0
    vue: ^3.2.0
  checksum: 10c0/e80a76df78f6dba696e654a891d8744bead48992687f9dd72e784a8870869180e34eb1b36c73edd8f1ffe907f93f5fdfe77af24070abba3bd0ccba5606f33f24
  languageName: node
  linkType: hard

"vue-draggable-plus@npm:^0.3.5":
  version: 0.3.5
  resolution: "vue-draggable-plus@npm:0.3.5"
  peerDependencies:
    "@types/sortablejs": ^1.15.0
  peerDependenciesMeta:
    "@vue/composition-api":
      optional: true
  checksum: 10c0/145a7222ecce5ee47416df668a3d4133fc4939a07ac303abd11388795f5971b79ca748eec50a58ae650ece3b4eb600802099cdc0e1a8eda829483b91d66a06f6
  languageName: node
  linkType: hard

"vue-screen-utils@npm:^1.0.0-beta.13":
  version: 1.0.0-beta.13
  resolution: "vue-screen-utils@npm:1.0.0-beta.13"
  peerDependencies:
    vue: ^3.2.0
  checksum: 10c0/9279813c191df4c58d1084a45e62919bf274fa44b2cd46125605659360a6cf0e5144c6c3752d1f683ebafb4ad7e2c18ce6dcbad33311db201fe5fb7738c0724d
  languageName: node
  linkType: hard

"vue3-cookies@npm:^1.0.6":
  version: 1.0.6
  resolution: "vue3-cookies@npm:1.0.6"
  dependencies:
    vue: "npm:^3.0.0"
  checksum: 10c0/f304253553944d0cab94bbcadb27da0a4212e19d5392ab1df8fb531f77bd8ced0cb46aacbc8d019694677b7c368b51f2e9bec009b3a8f4325d7383e7574394dc
  languageName: node
  linkType: hard

"vue3-runtime-template@npm:^1.0.2":
  version: 1.0.2
  resolution: "vue3-runtime-template@npm:1.0.2"
  dependencies:
    vue: "npm:^3.0.0"
  checksum: 10c0/27df6542bcca024ef62d6c9e3cf77efbc81f3eeb90848f382c00262550bb4bb05c6079948cb9a6ddd392bc36df224ba8e7d356f651c19563668a7f2469327974
  languageName: node
  linkType: hard

"vue@npm:^3.0.0, vue@npm:^3.5.17":
  version: 3.5.39
  resolution: "vue@npm:3.5.39"
  dependencies:
    "@vue/compiler-dom": "npm:3.5.39"
    "@vue/compiler-sfc": "npm:3.5.39"
    "@vue/runtime-dom": "npm:3.5.39"
    "@vue/server-renderer": "npm:3.5.39"
    "@vue/shared": "npm:3.5.39"
  peerDependencies:
    typescript: "*"
  peerDependenciesMeta:
    typescript:
      optional: true
  checksum: 10c0/4da745f7cff0dc3e5036aab592582445f52041adf4b63f3ca5d9d8aeb347355ac8b704b5bbd8081ff8e9ddafcfac2243e606d54eefccb92ef674b03e71e48505
  languageName: node
  linkType: hard
